github.com/alecthomas/kingpin/v2 v2.4.0 h1:f48lwail6p8zpO1bC4TxtqACaGqHYA22qkHjHpqDjYY=
github.com/alecthomas/kingpin/v2 v2.4.0/go.mod h1:0gyi0zQnjuFk8xrkNKamJoyUo382HRL7ATRpFZCw6tE=
github.com/alecthomas/units v0.0.0-20240927000941-0f3dac36c52b h1:mimo19zliBX/vSQ6PWWSL9lK8qwHozUj03+zLoEB8O0=
github.com/alecthomas/units v0.0.0-20240927000941-0f3dac36c52b/go.mod h1:fvzegU4vN3H1qMT+8wDmzjAcDONcgo2/SZ/TyfdUOFs=
github.com/aws/aws-sdk-go v1.55.7 h1:UJrkFq7es5CShfBwlWAC8DA077vp8PyVbQd3lqLiztE=
github.com/aws/aws-sdk-go v1.55.7/go.mod h1:eRwEWoyTWFMVYVQzKMNHWP5/RV4xIUGMQfXQHfHkpNU=
github.com/aws/aws-sdk-go-v2 v1.41.0 h1:tNvqh1s+v0vFYdA1xq0aOJH+Y5cRyZ5upu6roPgPKd4=
github.com/aws/aws-sdk-go-v2 v1.41.0/go.mod h1:MayyLB8y+buD9hZqkCW3kX1AKq07Y5pXxtgB+rRFhz0=
github.com/aws/aws-sdk-go-v2/aws/protocol/eventstream v1.7.4 h1:489krEF9xIGkOaaX3CE/Be2uWjiXrkCH6gUX+bZA/BU=
github.com/aws/aws-sdk-go-v2/aws/protocol/eventstream v1.7.4/go.mod h1:IOAPF6oT9KCsceNTvvYMNHy0+kMF8akOjeDvPENWxp4=
github.com/aws/aws-sdk-go-v2/config v1.32.0 h1:T5WWJYnam9SzBLbsVYDu2HscLDe+GU1AUJtfcDAc/vA=
github.com/aws/aws-sdk-go-v2/config v1.32.0/go.mod h1:pSRm/+D3TxBixGMXlgtX4+MPO9VNtEEtiFmNpxksoxw=
github.com/aws/aws-sdk-go-v2/credentials v1.19.0 h1:7zm+ez+qEqLaNsCSRaistkvJRJv8sByDOVuCnyHbP7M=
github.com/aws/aws-sdk-go-v2/credentials v1.19.0/go.mod h1:pHKPblrT7hqFGkNLxqoS3FlGoPrQg4hMIa+4asZzBfs=
github.com/aws/aws-sdk-go-v2/feature/ec2/imds v1.18.14 h1:WZVR5DbDgxzA0BJeudId89Kmgy6DIU4ORpxwsVHz0qA=
github.com/aws/aws-sdk-go-v2/feature/ec2/imds v1.18.14/go.mod h1:Dadl9QO0kHgbrH1GRqGiZdYtW5w+IXXaBNCHTIaheM4=
github.com/aws/aws-sdk-go-v2/internal/configsources v1.4.16 h1:rgGwPzb82iBYSvHMHXc8h9mRoOUBZIGFgKb9qniaZZc=
github.com/aws/aws-sdk-go-v2/internal/configsources v1.4.16/go.mod h1:L/UxsGeKpGoIj6DxfhOWHWQ/kGKcd4I1VncE4++IyKA=
github.com/aws/aws-sdk-go-v2/internal/endpoints/v2 v2.7.16 h1:1jtGzuV7c82xnqOVfx2F0xmJcOw5374L7N6juGW6x6U=
github.com/aws/aws-sdk-go-v2/internal/endpoints/v2 v2.7.16/go.mod h1:M2E5OQf+XLe+SZGmmpaI2yy+J326aFf6/+54PoxSANc=
github.com/aws/aws-sdk-go-v2/internal/ini v1.8.4 h1:WKuaxf++XKWlHWu9ECbMlha8WOEGm0OUEZqm4K/Gcfk=
github.com/aws/aws-sdk-go-v2/internal/ini v1.8.4/go.mod h1:ZWy7j6v1vWGmPReu0iSGvRiise4YI5SkR3OHKTZ6Wuc=
github.com/aws/aws-sdk-go-v2/service/amp v1.42.1 h1:fJorvFIiVlizskYTlQUtckFmb21hjkgT1PUSvH8cq/U=
github.com/aws/aws-sdk-go-v2/service/amp v1.42.1/go.mod h1:P4J8uc2Id/r3Lo+LmVV8yoz9Pdmihj7AJ5lxWU9rJJA=
github.com/aws/aws-sdk-go-v2/service/apigateway v1.37.1 h1:KrbKXPlNuytK5KAaQFX8xf15ZpKrvgAUuHkt7mhIdGA=
github.com/aws/aws-sdk-go-v2/service/apigateway v1.37.1/go.mod h1:/HnZROWxpp+MMou2NI80NiDSzosdrx2/9Rvg56culQQ=
github.com/aws/aws-sdk-go-v2/service/apigatewayv2 v1.33.1 h1:/3PwsCVinZ9vep6rU3OQd0nubfnshxHxwy1xLzqstSQ=
github.com/aws/aws-sdk-go-v2/service/apigatewayv2 v1.33.1/go.mod h1:wjcTbvMGit508yYd5nXdFC404E6YR04VE4FZ6jHvO8Y=
github.com/aws/aws-sdk-go-v2/service/autoscaling v1.61.1 h1:VB+9RFYfUUY8TyL6W025CZToo6h9vC3zeYob7M7/2CE=
github.com/aws/aws-sdk-go-v2/service/autoscaling v1.61.1/go.mod h1:6q/I1pH386VpPfB6FE62X/MOs6NW/oCsY9FXU33YXOU=
github.com/aws/aws-sdk-go-v2/service/cloudwatch v1.52.4 h1:ljiDPeMJhk9lvTHvmEk7mHOuk5rtdS618fdIr2vquSw=
github.com/aws/aws-sdk-go-v2/service/cloudwatch v1.52.4/go.mod h1:vta+WQPKfEzTigLRCnlWbrsv8sLj3/imAQ2fjySEA4k=
github.com/aws/aws-sdk-go-v2/service/databasemigrationservice v1.60.1 h1:IEWLsP+lQ9gvVVVipppxat9rjXWw4vMU/CimzLpdu4w=
github.com/aws/aws-sdk-go-v2/service/databasemigrationservice v1.60.1/go.mod h1:fQ0qBdbGgAJ/Eu76l9sjlvnfu3HwGyMimXk0GLQz/u8=
github.com/aws/aws-sdk-go-v2/service/dynamodb v1.53.5 h1:mSBrQCXMjEvLHsYyJVbN8QQlcITXwHEuu+8mX9e2bSo=
github.com/aws/aws-sdk-go-v2/service/dynamodb v1.53.5/go.mod h1:eEuD0vTf9mIzsSjGBFWIaNQwtH5/mzViJOVQfnMY5DE=
github.com/aws/aws-sdk-go-v2/service/ec2 v1.272.1 h1:8oq8IejVxUNcVNuCOWK6+B9dY6eYgJWJLCREEzrH20M=
github.com/aws/aws-sdk-go-v2/service/ec2 v1.272.1/go.mod h1:QrV+/GjhSrJh6MRRuTO6ZEg4M2I0nwPakf0lZHSrE1o=
github.com/aws/aws-sdk-go-v2/service/elasticache v1.51.8 h1:LiAvvvkFFhvL0AKbsDwEFLC6w4jLOd6r/eNk/b7ZvL4=
github.com/aws/aws-sdk-go-v2/service/elasticache v1.51.8/go.mod h1:QMDpBJOUoPTE4u4IJjbbmrY9ky+yFe6rU1FdKQtvc30=
github.com/aws/aws-sdk-go-v2/service/iam v1.52.1 h1:OYigTuTHayk1j11osOuJqIEuXSGAVndZYKH4aZYn8qk=
github.com/aws/aws-sdk-go-v2/service/iam v1.52.1/go.mod h1:PuHz5kGh1jtsNpjezdYhRp7xgn6DzCNJJfQt7O7U9Aw=
github.com/aws/aws-sdk-go-v2/service/internal/accept-encoding v1.13.4 h1:0ryTNEdJbzUCEWkVXEXoqlXV72J5keC1GvILMOuD00E=
github.com/aws/aws-sdk-go-v2/service/internal/accept-encoding v1.13.4/go.mod h1:HQ4qwNZh32C3CBeO6iJLQlgtMzqeG17ziAA/3KDJFow=
github.com/aws/aws-sdk-go-v2/service/internal/endpoint-discovery v1.11.16 h1:8g4OLy3zfNzLV20wXmZgx+QumI9WhWHnd4GCdvETxs4=
github.com/aws/aws-sdk-go-v2/service/internal/endpoint-discovery v1.11.16/go.mod h1:5a78jwLMs7BaesU0UIhLfVy2ZmOEgOy6ewYQXKTD37Q=
github.com/aws/aws-sdk-go-v2/service/internal/presigned-url v1.13.16 h1:oHjJHeUy0ImIV0bsrX0X91GkV5nJAyv1l1CC9lnO0TI=
github.com/aws/aws-sdk-go-v2/service/internal/presigned-url v1.13.16/go.mod h1:iRSNGgOYmiYwSCXxXaKb9HfOEj40+oTKn8pTxMlYkRM=
github.com/aws/aws-sdk-go-v2/service/lambda v1.87.0 h1:E5UXxF3vK3JuViwKCHfTJBIiFjvE4aytSucZjI2UAlQ=
github.com/aws/aws-sdk-go-v2/service/lambda v1.87.0/go.mod h1:6f64Y1BEf6e1uCI+LtGbcZSKDK1GvgJ+iI4vP/bbE8s=
github.com/aws/aws-sdk-go-v2/service/rds v1.113.1 h1:/vV0g/Su8rCTqT57UUYiFU/aRrPXz//fGDn1dkXblG4=
github.com/aws/aws-sdk-go-v2/service/rds v1.113.1/go.mod h1:q02df+DL73LN+jDXzj86tMsI6kKf1kfv61nB684H+o8=
github.com/aws/aws-sdk-go-v2/service/resourcegroupstaggingapi v1.31.1 h1:dSSvIM4/755D7EkUeUc+BChEC6my1174OZ9U3glm3KI=
github.com/aws/aws-sdk-go-v2/service/resourcegroupstaggingapi v1.31.1/go.mod h1:LAr8C2ATopaEf8qvoLrkZDHZPLKuYhZlh4TADgJvVbk=
github.com/aws/aws-sdk-go-v2/service/shield v1.34.13 h1:jzBe45jJuCXibwxqWwhpcHnHOOEaFf7sCBjPoYIE7l0=
github.com/aws/aws-sdk-go-v2/service/shield v1.34.13/go.mod h1:58GIJDFNCraKixtFWBf/3rMuHp1QcrhwDl+WP5vnBjo=
github.com/aws/aws-sdk-go-v2/service/signin v1.0.1 h1:BDgIUYGEo5TkayOWv/oBLPphWwNm/A91AebUjAu5L5g=
github.com/aws/aws-sdk-go-v2/service/signin v1.0.1/go.mod h1:iS6EPmNeqCsGo+xQmXv0jIMjyYtQfnwg36zl2FwEouk=
github.com/aws/aws-sdk-go-v2/service/sso v1.30.4 h1:U//SlnkE1wOQiIImxzdY5PXat4Wq+8rlfVEw4Y7J8as=
github.com/aws/aws-sdk-go-v2/service/sso v1.30.4/go.mod h1:av+ArJpoYf3pgyrj6tcehSFW+y9/QvAY8kMooR9bZCw=
github.com/aws/aws-sdk-go-v2/service/ssooidc v1.35.8 h1:MvlNs/f+9eM0mOjD9JzBUbf5jghyTk3p+O9yHMXX94Y=
github.com/aws/aws-sdk-go-v2/service/ssooidc v1.35.8/go.mod h1:/j67Z5XBVDx8nZVp9EuFM9/BS5dvBznbqILGuu73hug=
github.com/aws/aws-sdk-go-v2/service/storagegateway v1.43.5 h1:LnjZ10PxR2jdEwlhKwONVT94XNLHrcI+ggvevlpx2iU=
github.com/aws/aws-sdk-go-v2/service/storagegateway v1.43.5/go.mod h1:n/pED5o/1PwNMwXbNBZ3TGJc+Wl5tw2vfJtmTgXZIPc=
github.com/aws/aws-sdk-go-v2/service/sts v1.41.1 h1:GdGmKtG+/Krag7VfyOXV17xjTCz0i9NT+JnqLTOI5nA=
github.com/aws/aws-sdk-go-v2/service/sts v1.41.1/go.mod h1:6TxbXoDSgBQ225Qd8Q+MbxUxUh6TtNKwbRt/EPS9xso=
github.com/aws/smithy-go v1.24.0 h1:LpilSUItNPFr1eY85RYgTIg5eIEPtvFbskaFcmmIUnk=
github.com/aws/smithy-go v1.24.0/go.mod h1:LEj2LM3rBRQJxPZTB4KuzZkaZYnZPnvgIhb4pu07mx0=
github.com/beorn7/perks v1.0.1 h1:VlbKKnNfV8bJzeqoa4cOKqO6bYr3WgKZxO8Z16+hsOM=
github.com/beorn7/perks v1.0.1/go.mod h1:G2ZrVWU2WbWT9wwq4/hrbKbnv/1ERSJQ0ibhJ6rlkpw=
github.com/cespare/xxhash/v2 v2.3.0 h1:UL815xU9SqsFlibzuggzjXhog7bL6oX9BbNZnL2UFvs=
github.com/cespare/xxhash/v2 v2.3.0/go.mod h1:VGX0DQ3Q6kWi7AoAeZDth3/j3BFtOZR5XLFGgcrjCOs=
github.com/cpuguy83/go-md2man/v2 v2.0.7 h1:zbFlGlXEAKlwXpmvle3d8Oe3YnkKIK4xSRTd3sHPnBo=
github.com/cpuguy83/go-md2man/v2 v2.0.7/go.mod h1:oOW0eioCTA6cOiMLiUPZOpcVxMig6NIQQ7OS05n1F4g=
github.com/creack/pty v1.1.9/go.mod h1:oKZEueFk5CKHvIhNR5MUki03XCEU+Q6VDXinZuGJ33E=
github.com/davecgh/go-spew v1.1.0/go.mod h1:J7Y8YcW2NihsgmVo/mv3lAwl/skON4iLHjSsI+c5H38=
github.com/davecgh/go-spew v1.1.1 h1:vj9j/u1bqnvCEfJOwUhtlOARqs3+rkHYY13jYWTU97c=
github.com/davecgh/go-spew v1.1.1/go.mod h1:J7Y8YcW2NihsgmVo/mv3lAwl/skON4iLHjSsI+c5H38=
github.com/google/go-cmp v0.7.0 h1:wk8382ETsv4JYUZwIsn6YpYiWiBsYLSJiTsyBybVuN8=
github.com/google/go-cmp v0.7.0/go.mod h1:pXiqmnSA92OHEEa9HXL2W4E7lf9JzCmGVUdgjX3N/iU=
github.com/grafana/regexp v0.0.0-20240607082908-2cb410fa05da h1:BML5sNe+bw2uO8t8cQSwe5QhvoP04eHPF7bnaQma0Kw=
github.com/grafana/regexp v0.0.0-20240607082908-2cb410fa05da/go.mod h1:+JKpmjMGhpgPL+rXZ5nsZieVzvarn86asRlBg4uNGnk=
github.com/jmespath/go-jmespath v0.4.0 h1:BEgLn5cpjn8UN1mAw4NjwDrS35OdebyEtFe+9YPoQUg=
github.com/jmespath/go-jmespath v0.4.0/go.mod h1:T8mJZnbsbmF+m6zOOFylbeCJqk5+pHWvzYPziyZiYoo=
github.com/jmespath/go-jmespath/internal/testify v1.5.1 h1:shLQSRRSCCPj3f2gpwzGwWFoC7ycTf1rcQZHOlsJ6N8=
github.com/jmespath/go-jmespath/internal/testify v1.5.1/go.mod h1:L3OGu8Wl2/fWfCI6z80xFu9LTZmf1ZRjMHUOPmWr69U=
github.com/klauspost/compress v1.18.0 h1:c/Cqfb0r+Yi+JtIEq73FWXVkRonBlf0CRNYc8Zttxdo=
github.com/klauspost/compress v1.18.0/go.mod h1:2Pp+KzxcywXVXMr50+X0Q/Lsb43OQHYWRCY2AiWywWQ=
github.com/kr/pretty v0.3.1 h1:flRD4NNwYAUpkphVc1HcthR4KEIFJ65n8Mw5qdRn3LE=
github.com/kr/pretty v0.3.1/go.mod h1:hoEshYVHaxMs3cyo3Yncou5ZscifuDolrwPKZanG3xk=
github.com/kr/text v0.2.0 h1:5Nx0Ya0ZqY2ygV366QzturHI13Jq95ApcVaJBhpS+AY=
github.com/kr/text v0.2.0/go.mod h1:eLer722TekiGuMkidMxC/pM04lWEeraHUUmBw8l2grE=
github.com/kylelemons/godebug v1.1.0 h1:RPNrshWIDI6G2gRW9EHilWtl7Z6Sb1BR0xunSBf0SNc=
github.com/kylelemons/godebug v1.1.0/go.mod h1:9/0rRGxNHcop5bhtWyNeEfOS8JIWk580+fNqagV/RAw=
github.com/munnerz/goautoneg v0.0.0-20191010083416-a7dc8b61c822 h1:C3w9PqII01/Oq1c1nUAm88MOHcQC9l5mIlSMApZMrHA=
github.com/munnerz/goautoneg v0.0.0-20191010083416-a7dc8b61c822/go.mod h1:+n7T8mK8HuQTcFwEeznm/DIxMOiR9yIdICNftLE1DvQ=
github.com/pmezard/go-difflib v1.0.0 h1:4DBwDE0NGyQoBHbLQYPwSUPoCMWR5BEzIk/f1lZbAQM=
github.com/pmezard/go-difflib v1.0.0/go.mod h1:iKH77koFhYxTK1pcRnkKkqfTogsbg7gZNVY4sRDYZ/4=
github.com/prometheus/client_golang v1.23.1 h1:w6gXMLQGgd0jXXlote9lRHMe0nG01EbnJT+C0EJru2Y=
github.com/prometheus/client_golang v1.23.1/go.mod h1:br8j//v2eg2K5Vvna5klK8Ku5pcU5r4ll73v6ik5dIQ=
github.com/prometheus/client_model v0.6.2 h1:oBsgwpGs7iVziMvrGhE53c/GrLUsZdHnqNwqPLxwZyk=
github.com/prometheus/client_model v0.6.2/go.mod h1:y3m2F6Gdpfy6Ut/GBsUqTWZqCUvMVzSfMLjcu6wAwpE=
github.com/prometheus/common v0.67.2 h1:PcBAckGFTIHt2+L3I33uNRTlKTplNzFctXcWhPyAEN8=
github.com/prometheus/common v0.67.2/go.mod h1:63W3KZb1JOKgcjlIr64WW/LvFGAqKPj0atm+knVGEko=
github.com/prometheus/procfs v0.16.1 h1:hZ15bTNuirocR6u0JZ6BAHHmwS1p8B4P6MRqxtzMyRg=
github.com/prometheus/procfs v0.16.1/go.mod h1:teAbpZRB1iIAJYREa1LsoWUXykVXA1KlTmWl8x/U+Is=
github.com/r3labs/diff/v3 v3.0.1 h1:CBKqf3XmNRHXKmdU7mZP1w7TV0pDyVCis1AUHtA4Xtg=
github.com/r3labs/diff/v3 v3.0.1/go.mod h1:f1S9bourRbiM66NskseyUdo0fTmEE0qKrikYJX63dgo=
github.com/rogpeppe/go-internal v1.10.0 h1:TMyTOH3F/DB16zRVcYyreMH6GnZZrwQVAoYjRBZyWFQ=
github.com/rogpeppe/go-internal v1.10.0/go.mod h1:UQnix2H7Ngw/k4C5ijL5+65zddjncjaFoBhdsK/akog=
github.com/russross/blackfriday/v2 v2.1.0 h1:JIOH55/0cWyOuilr9/qlrm0BSXldqnqwMsf35Ld67mk=
github.com/russross/blackfriday/v2 v2.1.0/go.mod h1:+Rmxgy9KzJVeS9/2gXHxylqXiyQDYRxCVz55jmeOWTM=
github.com/stretchr/objx v0.1.0/go.mod h1:HFkY916IF+rwdDfMAkV7OtwuqBVzrE8GR6GFx+wExME=
github.com/stretchr/objx v0.4.0/go.mod h1:YvHI0jy2hoMjB+UWwv71VJQ9isScKT/TqJzVSSt89Yw=
github.com/stretchr/objx v0.5.0/go.mod h1:Yh+to48EsGEfYuaHDzXPcE3xhTkx73EhmCGUpEOglKo=
github.com/stretchr/objx v0.5.2/go.mod h1:FRsXN1f5AsAjCGJKqEizvkpNtU+EGNCLh3NxZ/8L+MA=
github.com/stretchr/testify v1.6.1/go.mod h1:6Fq8oRcR53rry900zMqJjRRixrwX3KX962/h/Wwjteg=
github.com/stretchr/testify v1.7.1/go.mod h1:6Fq8oRcR53rry900zMqJjRRixrwX3KX962/h/Wwjteg=
github.com/stretchr/testify v1.8.0/go.mod h1:yNjHg4UonilssWZ8iaSj1OCr/vHnekPRkoO+kdMU+MU=
github.com/stretchr/testify v1.8.4/go.mod h1:sz/lmYIOXD/1dqDmKjjqLyZ2RngseejIcXlSw2iwfAo=
github.com/stretchr/testify v1.9.0/go.mod h1:r2ic/lqez/lEtzL7wO/rwa5dbSLXVDPFyf8C91i36aY=
github.com/stretchr/testify v1.11.1 h1:7s2iGBzp5EwR7/aIZr8ao5+dra3wiQyKjjFuvgVKu7U=
github.com/stretchr/testify v1.11.1/go.mod h1:wZwfW3scLgRK+23gO65QZefKpKQRnfz6sD981Nm4B6U=
github.com/urfave/cli/v2 v2.27.7 h1:bH59vdhbjLv3LAvIu6gd0usJHgoTTPhCFib8qqOwXYU=
github.com/urfave/cli/v2 v2.27.7/go.mod h1:CyNAG/xg+iAOg0N4MPGZqVmv2rCoP267496AOXUZjA4=
github.com/vmihailenco/msgpack/v5 v5.3.5 h1:5gO0H1iULLWGhs2H5tbAHIZTV8/cYafcFOr9znI5mJU=
github.com/vmihailenco/msgpack/v5 v5.3.5/go.mod h1:7xyJ9e+0+9SaZT0Wt1RGleJXzli6Q/V5KbhBonMG9jc=
github.com/vmihailenco/tagparser/v2 v2.0.0 h1:y09buUbR+b5aycVFQs/g70pqKVZNBmxwAhO7/IwNM9g=
github.com/vmihailenco/tagparser/v2 v2.0.0/go.mod h1:Wri+At7QHww0WTrCBeu4J6bNtoV6mEfg5OIWRZA9qds=
github.com/xhit/go-str2duration/v2 v2.1.0 h1:lxklc02Drh6ynqX+DdPyp5pCKLUQpRT8bp8Ydu2Bstc=
github.com/xhit/go-str2duration/v2 v2.1.0/go.mod h1:ohY8p+0f07DiV6Em5LKB0s2YpLtXVyJfNt1+BlmyAsU=
github.com/xrash/smetrics v0.0.0-20240521201337-686a1a2994c1 h1:gEOO8jv9F4OT7lGCjxCBTO/36wtF6j2nSip77qHd4x4=
github.com/xrash/smetrics v0.0.0-20240521201337-686a1a2994c1/go.mod h1:Ohn+xnUBiLI6FVj/9LpzZWtj1/D6lUovWYBkxHVV3aM=
go.uber.org/atomic v1.11.0 h1:ZvwS0R+56ePWxUNi+Atn9dWONBPp/AUETXlHW0DxSjE=
go.uber.org/atomic v1.11.0/go.mod h1:LUxbIzbOniOlMKjJjyPfpl4v+PKK2cNJn91OQbhoJI0=
go.uber.org/goleak v1.3.0 h1:2K3zAYmnTNqV73imy9J1T3WC+gmCePx2hEGkimedGto=
go.uber.org/goleak v1.3.0/go.mod h1:CoHD4mav9JJNrW/WLlf7HGZPjdw8EucARQHekz1X6bE=
go.yaml.in/yaml/v2 v2.4.3 h1:6gvOSjQoTB3vt1l+CU+tSyi/HOjfOjRLJ4YwYZGwRO0=
go.yaml.in/yaml/v2 v2.4.3/go.mod h1:zSxWcmIDjOzPXpjlTTbAsKokqkDNAVtZO0WOMiT90s8=
golang.org/x/exp v0.0.0-20240823005443-9b4947da3948 h1:kx6Ds3MlpiUHKj7syVnbp57++8WpuKPcR5yjLBjvLEA=
golang.org/x/exp v0.0.0-20240823005443-9b4947da3948/go.mod h1:akd2r19cwCdwSwWeIdzYQGa/EZZyqcOdwWiwj5L5eKQ=
golang.org/x/sync v0.19.0 h1:vV+1eWNmZ5geRlYjzm2adRgW2/mcpevXNg50YZtPCE4=
golang.org/x/sync v0.19.0/go.mod h1:9KTHXmSnoGruLpwFjVSX0lNNA75CykiMECbovNTZqGI=
golang.org/x/sys v0.37.0 h1:fdNQudmxPjkdUTPnLn5mdQv7Zwvbvpaxqs831goi9kQ=
golang.org/x/sys v0.37.0/go.mod h1:OgkHotnGiDImocRcuBABYBEXf8A9a87e/uXjp9XT3ks=
google.golang.org/protobuf v1.36.10 h1:AYd7cD/uASjIL6Q9LiTjz8JLcrh/88q5UObnmY3aOOE=
google.golang.org/protobuf v1.36.10/go.mod h1:HTf+CrKn2C3g5S8VImy6tdcUvCska2kB7j23XfzDpco=
gopkg.in/check.v1 v0.0.0-20161208181325-20d25e280405/go.mod h1:Co6ibVJAznAaIkqp8huTwlJQCZ016jof/cbN4VW5Yz0=
gopkg.in/check.v1 v1.0.0-20201130134442-10cb98267c6c h1:Hei/4ADfdWqJk1ZMxUNpqntNwaWcugrBjAiHlqqRiVk=
gopkg.in/check.v1 v1.0.0-20201130134442-10cb98267c6c/go.mod h1:JHkPIbrfpd72SG/EVd6muEfDQjcINNoR0C8j2r3qZ4Q=
gopkg.in/yaml.v2 v2.2.8/go.mod h1:hI93XBmqTisBFMUTm0b8Fm+jr3Dg1NNxqwp+5A1VGuI=
gopkg.in/yaml.v2 v2.4.0 h1:D8xgwECY7CYvx+Y2n4sBz93Jn9JRvxdiyyo8CTfuKaY=
gopkg.in/yaml.v2 v2.4.0/go.mod h1:RDklbk79AGWmwhnvt/jBztapEOGDOx6ZbXqjP6csGnQ=
gopkg.in/yaml.v3 v3.0.0-20200313102051-9f266ea9e77c/go.mod h1:K4uyk7z7BCEPqu6E+C64Yfv1cQ7kz7rIZviUmN+EgEM=
gopkg.in/yaml.v3 v3.0.1 h1:fxVm/GzAzEWqLHuvctI91KS9hhNmmWOoWu0XTYJS7CA=
gopkg.in/yaml.v3 v3.0.1/go.mod h1:K4uyk7z7BCEPqu6E+C64Yfv1cQ7kz7rIZviUmN+EgEM=
