github.com/aws/aws-sdk-go-v2 v1.41.6 h1:1AX0AthnBQzMx1vbmir3Y4WsnJgiydmnJjiLu+LvXOg=
github.com/aws/aws-sdk-go-v2 v1.41.6/go.mod h1:dy0UzBIfwSeot4grGvY1AqFWN5zgziMmWGzysDnHFcQ=
github.com/aws/aws-sdk-go-v2/aws/protocol/eventstream v1.7.9 h1:adBsCIIpLbLmYnkQU+nAChU5yhVTvu5PerROm+/Kq2A=
github.com/aws/aws-sdk-go-v2/aws/protocol/eventstream v1.7.9/go.mod h1:uOYhgfgThm/ZyAuJGNQ5YgNyOlYfqnGpTHXvk3cpykg=
github.com/aws/aws-sdk-go-v2/config v1.32.16 h1:Q0iQ7quUgJP0F/SCRTieScnaMdXr9h/2+wze1u3cNeM=
github.com/aws/aws-sdk-go-v2/config v1.32.16/go.mod h1:duCCnJEFqpt2RC6no1iK6q+8HpwOAkiUua0pY507dQc=
github.com/aws/aws-sdk-go-v2/credentials v1.19.15 h1:fyvgWTszojq8hEnMi8PPBTvZdTtEVmAVyo+NFLHBhH4=
github.com/aws/aws-sdk-go-v2/credentials v1.19.15/go.mod h1:gJiYyMOjNg8OEdRWOf3CrFQxM2a98qmrtjx1zuiQfB8=
github.com/aws/aws-sdk-go-v2/feature/ec2/imds v1.18.22 h1:IOGsJ1xVWhsi+ZO7/NW8OuZZBtMJLZbk4P5HDjJO0jQ=
github.com/aws/aws-sdk-go-v2/feature/ec2/imds v1.18.22/go.mod h1:b+hYdbU+jGKfXE8kKM6g1+h+L/Go3vMvzlxBsiuGsxg=
github.com/aws/aws-sdk-go-v2/internal/configsources v1.4.22 h1:GmLa5Kw1ESqtFpXsx5MmC84QWa/ZrLZvlJGa2y+4kcQ=
github.com/aws/aws-sdk-go-v2/internal/configsources v1.4.22/go.mod h1:6sW9iWm9DK9YRpRGga/qzrzNLgKpT2cIxb7Vo2eNOp0=
github.com/aws/aws-sdk-go-v2/internal/endpoints/v2 v2.7.22 h1:dY4kWZiSaXIzxnKlj17nHnBcXXBfac6UlsAx2qL6XrU=
github.com/aws/aws-sdk-go-v2/internal/endpoints/v2 v2.7.22/go.mod h1:KIpEUx0JuRZLO7U6cbV204cWAEco2iC3l061IxlwLtI=
github.com/aws/aws-sdk-go-v2/internal/v4a v1.4.23 h1:FPXsW9+gMuIeKmz7j6ENWcWtBGTe1kH8r9thNt5Uxx4=
github.com/aws/aws-sdk-go-v2/internal/v4a v1.4.23/go.mod h1:7J8iGMdRKk6lw2C+cMIphgAnT8uTwBwNOsGkyOCm80U=
github.com/aws/aws-sdk-go-v2/service/amp v1.42.10 h1:uSP9jM3fRb1oxd3ACQ2hCVYg/8IT3KiPZIDaiN7MMgo=
github.com/aws/aws-sdk-go-v2/service/amp v1.42.10/go.mod h1:y0u4znDxnfuW4PRkaGcGBLL94dYnobMn3bEdnj6OK1U=
github.com/aws/aws-sdk-go-v2/service/apigateway v1.39.2 h1:cjiL+KicFLUVLR8eiFjG7IuvI5VX5CvTeo/f7E/RqC4=
github.com/aws/aws-sdk-go-v2/service/apigateway v1.39.2/go.mod h1:3WScseCcG9TEdg5ke0uGNO/Y73OhCzYXucRaXbwuXxU=
github.com/aws/aws-sdk-go-v2/service/apigatewayv2 v1.34.2 h1:pAWhAeOx2Jwh8TxQBja4u8lPPkO/UhuTHkpu/LUnXZ4=
github.com/aws/aws-sdk-go-v2/service/apigatewayv2 v1.34.2/go.mod h1:XmFVy7WJuz5Kvi2H9cxJim2RjVGlLi8w58g/IqMklq4=
github.com/aws/aws-sdk-go-v2/service/autoscaling v1.66.1 h1:kGlbhb5GMfkP/bcqcbt3oDi50kwDTpRmNzYUY9LqbLk=
github.com/aws/aws-sdk-go-v2/service/autoscaling v1.66.1/go.mod h1:z45kurrOonQepd3SN5LIgropAn1NGHwBn1yOMF+QVFU=
github.com/aws/aws-sdk-go-v2/service/cloudwatch v1.56.2 h1:AEdVlfaKtqjQgnAZ71TAghxd2We92jSez2VAnjOx1vg=
github.com/aws/aws-sdk-go-v2/service/cloudwatch v1.56.2/go.mod h1:/s52Xxp5LWbfLCWtelG67FDNtpoOoxdnZEzcixGQwcM=
github.com/aws/aws-sdk-go-v2/service/databasemigrationservice v1.62.1 h1:TM62EwVj7vOfDchf7dPNUQgtetxIViBjLAgg5PwzySc=
github.com/aws/aws-sdk-go-v2/service/databasemigrationservice v1.62.1/go.mod h1:Qk4JJXsrR5dWfbvE4aJwRVCGf1sLlX7Uce8V7eOWTao=
github.com/aws/aws-sdk-go-v2/service/dynamodb v1.57.2 h1:J2ibOhlMLx1o6QwDFsHHfbQjaZ6t5LXodiLNuK6jbZA=
github.com/aws/aws-sdk-go-v2/service/dynamodb v1.57.2/go.mod h1:Tj8VcffnduuewrM8HN8xQ9wzzez0CJ0FGSGEovq7Sgs=
github.com/aws/aws-sdk-go-v2/service/ec2 v1.298.0 h1:PP4/BDTcOWR9Sr64K3atzu2738pmNLiFzJ70lxS3Yno=
github.com/aws/aws-sdk-go-v2/service/ec2 v1.298.0/go.mod h1:E1pnYwWFZ8N3REmeN9Fe/Zipbpps4HJj8DQGNnLUMYc=
github.com/aws/aws-sdk-go-v2/service/elasticache v1.52.1 h1:OiVtvILStTDHhiq60Y3H3BnJFSNecBiNn/gmiWrjPOA=
github.com/aws/aws-sdk-go-v2/service/elasticache v1.52.1/go.mod h1:D73K84NboORJenKGZJFzx7/eZFJh+px5WRHnGuVaa2U=
github.com/aws/aws-sdk-go-v2/service/iam v1.53.8 h1:p0oB4eZfBfBAOasnKvHJOlNcuHVE/ieuWs7uIZgQlyQ=
github.com/aws/aws-sdk-go-v2/service/iam v1.53.8/go.mod h1:epCaPnGVdiX5ra1lHPfRkVuiQGxrdY8bRI2FBJU+6ok=
github.com/aws/aws-sdk-go-v2/service/internal/accept-encoding v1.13.8 h1:HtOTYcbVcGABLOVuPYaIihj6IlkqubBwFj10K5fxRek=
github.com/aws/aws-sdk-go-v2/service/internal/accept-encoding v1.13.8/go.mod h1:VsK9abqQeGlzPgUr+isNWzPlK2vKe9INMLWnY65f5Xs=
github.com/aws/aws-sdk-go-v2/service/internal/endpoint-discovery v1.11.22 h1:8IXbJCgOn8ztzvRUOm27iCeTSxmPW45JsSDW3EGi16M=
github.com/aws/aws-sdk-go-v2/service/internal/endpoint-discovery v1.11.22/go.mod h1:l53RbOWvncp4DEmlEz6dSXJS913AIxtFqkJZ+Xz7pHs=
github.com/aws/aws-sdk-go-v2/service/internal/presigned-url v1.13.22 h1:PUmZeJU6Y1Lbvt9WFuJ0ugUK2xn6hIWUBBbKuOWF30s=
github.com/aws/aws-sdk-go-v2/service/internal/presigned-url v1.13.22/go.mod h1:nO6egFBoAaoXze24a2C0NjQCvdpk8OueRoYimvEB9jo=
github.com/aws/aws-sdk-go-v2/service/lambda v1.89.1 h1:JxHLwNK5mIKsh2Q0APTSijdzkk5ccI4gyvYdar1JU/0=
github.com/aws/aws-sdk-go-v2/service/lambda v1.89.1/go.mod h1:7qoh/MlWG5QCnZwq9bvdXomEAkmumayXcjEjIemIV7U=
github.com/aws/aws-sdk-go-v2/service/rds v1.118.1 h1:cywOPYUFOSOAjrovJNxuBXd6SV3osiP3KJ5p412IEJQ=
github.com/aws/aws-sdk-go-v2/service/rds v1.118.1/go.mod h1:BaS59j6evm68pt9EaJnb7tnTOaT0MY4rJeESKh8RKKY=
github.com/aws/aws-sdk-go-v2/service/resourcegroupstaggingapi v1.31.11 h1:H+rP6r3xvF72rcATLBm+XAdjjxL+v5g+ka/gjJBvPao=
github.com/aws/aws-sdk-go-v2/service/resourcegroupstaggingapi v1.31.11/go.mod h1:1orx2HYtb6hJEmD1o/OID8vWD5sBKxB8RH+0XS25rYo=
github.com/aws/aws-sdk-go-v2/service/shield v1.34.22 h1:RA1Cj3ZNnGxHxG+oPhv3CNWe39b2Y7FXxSF0yviC1rw=
github.com/aws/aws-sdk-go-v2/service/shield v1.34.22/go.mod h1:GHrjUlmDltnkok/vC0WNC7I4L+7/RJ9AdDL1vYG1X+I=
github.com/aws/aws-sdk-go-v2/service/signin v1.0.10 h1:a1Fq/KXn75wSzoJaPQTgZO0wHGqE9mjFnylnqEPTchA=
github.com/aws/aws-sdk-go-v2/service/signin v1.0.10/go.mod h1:p6+MXNxW7IA6dMgHfTAzljuwSKD0NCm/4lbS4t6+7vI=
github.com/aws/aws-sdk-go-v2/service/sso v1.30.16 h1:x6bKbmDhsgSZwv6q19wY/u3rLk/3FGjJWyqKcIRufpE=
github.com/aws/aws-sdk-go-v2/service/sso v1.30.16/go.mod h1:CudnEVKRtLn0+3uMV0yEXZ+YZOKnAtUJ5DmDhilVnIw=
github.com/aws/aws-sdk-go-v2/service/ssooidc v1.35.20 h1:oK/njaL8GtyEihkWMD4k3VgHCT64RQKkZwh0DG5j8ak=
github.com/aws/aws-sdk-go-v2/service/ssooidc v1.35.20/go.mod h1:JHs8/y1f3zY7U5WcuzoJ/yAYGYtNIVPKLIbp61euvmg=
github.com/aws/aws-sdk-go-v2/service/storagegateway v1.43.15 h1:ynro3+Xy0/RBZBbpY13hAE5YWRtOSzVnu3TQ4R6U6fk=
github.com/aws/aws-sdk-go-v2/service/storagegateway v1.43.15/go.mod h1:/vmVrdpS/D5rmq0z9C21CwiKqRwzGX9jTesGNW2C2Cc=
github.com/aws/aws-sdk-go-v2/service/sts v1.42.0 h1:ks8KBcZPh3PYISr5dAiXCM5/Thcuxk8l+PG4+A0exds=
github.com/aws/aws-sdk-go-v2/service/sts v1.42.0/go.mod h1:pFw33T0WLvXU3rw1WBkpMlkgIn54eCB5FYLhjDc9Foo=
github.com/aws/smithy-go v1.25.0 h1:Sz/XJ64rwuiKtB6j98nDIPyYrV1nVNJ4YU74gttcl5U=
github.com/aws/smithy-go v1.25.0/go.mod h1:YE2RhdIuDbA5E5bTdciG9KrW3+TiEONeUWCqxX9i1Fc=
github.com/beorn7/perks v1.0.1 h1:VlbKKnNfV8bJzeqoa4cOKqO6bYr3WgKZxO8Z16+hsOM=
github.com/beorn7/perks v1.0.1/go.mod h1:G2ZrVWU2WbWT9wwq4/hrbKbnv/1ERSJQ0ibhJ6rlkpw=
github.com/cespare/xxhash/v2 v2.3.0 h1:UL815xU9SqsFlibzuggzjXhog7bL6oX9BbNZnL2UFvs=
github.com/cespare/xxhash/v2 v2.3.0/go.mod h1:VGX0DQ3Q6kWi7AoAeZDth3/j3BFtOZR5XLFGgcrjCOs=
github.com/davecgh/go-spew v1.1.0/go.mod h1:J7Y8YcW2NihsgmVo/mv3lAwl/skON4iLHjSsI+c5H38=
github.com/davecgh/go-spew v1.1.1 h1:vj9j/u1bqnvCEfJOwUhtlOARqs3+rkHYY13jYWTU97c=
github.com/davecgh/go-spew v1.1.1/go.mod h1:J7Y8YcW2NihsgmVo/mv3lAwl/skON4iLHjSsI+c5H38=
github.com/go-logr/logr v1.2.2/go.mod h1:jdQByPbusPIv2/zmleS9BjJVeZ6kBagPoEUsqbVz/1A=
github.com/go-logr/logr v1.4.3 h1:CjnDlHq8ikf6E492q6eKboGOC0T8CDaOvkHCIg8idEI=
github.com/go-logr/logr v1.4.3/go.mod h1:9T104GzyrTigFIr8wt5mBrctHMim0Nb2HLGrmQ40KvY=
github.com/go-logr/stdr v1.2.2 h1:hSWxHoqTgW2S2qGc0LTAI563KZ5YKYRhT3MFKZMbjag=
github.com/go-logr/stdr v1.2.2/go.mod h1:mMo/vtBO5dYbehREoey6XUKy/eSumjCCveDpRre4VKE=
github.com/golang/protobuf v1.5.4 h1:i7eJL8qZTpSEXOPTxNKhASYpMn+8e5Q6AdndVa1dWek=
github.com/golang/protobuf v1.5.4/go.mod h1:lnTiLA8Wa4RWRcIUkrtSVa5nRhsEGBg48fD6rSs7xps=
github.com/google/go-cmp v0.7.0 h1:wk8382ETsv4JYUZwIsn6YpYiWiBsYLSJiTsyBybVuN8=
github.com/google/go-cmp v0.7.0/go.mod h1:pXiqmnSA92OHEEa9HXL2W4E7lf9JzCmGVUdgjX3N/iU=
github.com/google/gofuzz v1.0.0/go.mod h1:dBl0BpW6vV/+mYPU4Po3pmUjxk6FQPldtuIdl/M65Eg=
github.com/google/uuid v1.6.0 h1:NIvaJDMOsjHA8n1jAhLSgzrAzy1Hgr+hNrb57e+94F0=
github.com/google/uuid v1.6.0/go.mod h1:TIyPZe4MgqvfeYDBFedMoGGpEw/LqOeaOT+nhxU+yHo=
github.com/grafana/regexp v0.0.0-20240607082908-2cb410fa05da h1:BML5sNe+bw2uO8t8cQSwe5QhvoP04eHPF7bnaQma0Kw=
github.com/grafana/regexp v0.0.0-20240607082908-2cb410fa05da/go.mod h1:+JKpmjMGhpgPL+rXZ5nsZieVzvarn86asRlBg4uNGnk=
github.com/hashicorp/go-version v1.9.0 h1:CeOIz6k+LoN3qX9Z0tyQrPtiB1DFYRPfCIBtaXPSCnA=
github.com/hashicorp/go-version v1.9.0/go.mod h1:fltr4n8CU8Ke44wwGCBoEymUuxUHl09ZGVZPK5anwXA=
github.com/json-iterator/go v1.1.12 h1:PV8peI4a0ysnczrg+LtxykD8LfKY9ML6u2jnxaEnrnM=
github.com/json-iterator/go v1.1.12/go.mod h1:e30LSqwooZae/UwlEbR2852Gd8hjQvJoHmT4TnhNGBo=
github.com/kr/pretty v0.3.1 h1:flRD4NNwYAUpkphVc1HcthR4KEIFJ65n8Mw5qdRn3LE=
github.com/kr/pretty v0.3.1/go.mod h1:hoEshYVHaxMs3cyo3Yncou5ZscifuDolrwPKZanG3xk=
github.com/kr/text v0.2.0 h1:5Nx0Ya0ZqY2ygV366QzturHI13Jq95ApcVaJBhpS+AY=
github.com/kr/text v0.2.0/go.mod h1:eLer722TekiGuMkidMxC/pM04lWEeraHUUmBw8l2grE=
github.com/kylelemons/godebug v1.1.0 h1:RPNrshWIDI6G2gRW9EHilWtl7Z6Sb1BR0xunSBf0SNc=
github.com/kylelemons/godebug v1.1.0/go.mod h1:9/0rRGxNHcop5bhtWyNeEfOS8JIWk580+fNqagV/RAw=
github.com/mitchellh/mapstructure v1.5.0 h1:jeMsZIYE/09sWLaz43PL7Gy6RuMjD2eJVyuac5Z2hdY=
github.com/mitchellh/mapstructure v1.5.0/go.mod h1:bFUtVrKA4DC2yAKiSyO/QUcy7e+RRV2QTWOzhPopBRo=
github.com/modern-go/concurrent v0.0.0-20180228061459-e0a39a4cb421/go.mod h1:6dJC0mAP4ikYIbvyc7fijjWJddQyLn8Ig3JB5CqoB9Q=
github.com/modern-go/concurrent v0.0.0-20180306012644-bacd9c7ef1dd h1:TRLaZ9cD/w8PVh93nsPXa1VrQ6jlwL5oN8l14QlcNfg=
github.com/modern-go/concurrent v0.0.0-20180306012644-bacd9c7ef1dd/go.mod h1:6dJC0mAP4ikYIbvyc7fijjWJddQyLn8Ig3JB5CqoB9Q=
github.com/modern-go/reflect2 v1.0.2/go.mod h1:yWuevngMOJpCy52FWWMvUC8ws7m/LJsjYzDa0/r8luk=
github.com/modern-go/reflect2 v1.0.3-0.20250322232337-35a7c28c31ee h1:W5t00kpgFdJifH4BDsTlE89Zl93FEloxaWZfGcifgq8=
github.com/modern-go/reflect2 v1.0.3-0.20250322232337-35a7c28c31ee/go.mod h1:yWuevngMOJpCy52FWWMvUC8ws7m/LJsjYzDa0/r8luk=
github.com/munnerz/goautoneg v0.0.0-20191010083416-a7dc8b61c822 h1:C3w9PqII01/Oq1c1nUAm88MOHcQC9l5mIlSMApZMrHA=
github.com/munnerz/goautoneg v0.0.0-20191010083416-a7dc8b61c822/go.mod h1:+n7T8mK8HuQTcFwEeznm/DIxMOiR9yIdICNftLE1DvQ=
github.com/pmezard/go-difflib v1.0.0 h1:4DBwDE0NGyQoBHbLQYPwSUPoCMWR5BEzIk/f1lZbAQM=
github.com/pmezard/go-difflib v1.0.0/go.mod h1:iKH77koFhYxTK1pcRnkKkqfTogsbg7gZNVY4sRDYZ/4=
github.com/prometheus/client_golang v1.23.2 h1:Je96obch5RDVy3FDMndoUsjAhG5Edi49h0RJWRi/o0o=
github.com/prometheus/client_golang v1.23.2/go.mod h1:Tb1a6LWHB3/SPIzCoaDXI4I8UHKeFTEQ1YCr+0Gyqmg=
github.com/prometheus/client_model v0.6.2 h1:oBsgwpGs7iVziMvrGhE53c/GrLUsZdHnqNwqPLxwZyk=
github.com/prometheus/client_model v0.6.2/go.mod h1:y3m2F6Gdpfy6Ut/GBsUqTWZqCUvMVzSfMLjcu6wAwpE=
github.com/prometheus/common v0.67.5 h1:pIgK94WWlQt1WLwAC5j2ynLaBRDiinoAb86HZHTUGI4=
github.com/prometheus/common v0.67.5/go.mod h1:SjE/0MzDEEAyrdr5Gqc6G+sXI67maCxzaT3A2+HqjUw=
github.com/prometheus/opentelemetry-collector-bridge v0.0.0-20260423181221-8d9338897ca9 h1:cjZ50T+ETG0OdZbnCOKNlQfPWWEqGd8ClJPgyZbd0HI=
github.com/prometheus/opentelemetry-collector-bridge v0.0.0-20260423181221-8d9338897ca9/go.mod h1:60zEYUglpm0QDYiGVOA1rf0kMQlRCs4xkpm7khDyBHQ=
github.com/prometheus/procfs v0.20.1 h1:XwbrGOIplXW/AU3YhIhLODXMJYyC1isLFfYCsTEycfc=
github.com/prometheus/procfs v0.20.1/go.mod h1:o9EMBZGRyvDrSPH1RqdxhojkuXstoe4UlK79eF5TGGo=
github.com/r3labs/diff/v3 v3.0.1 h1:CBKqf3XmNRHXKmdU7mZP1w7TV0pDyVCis1AUHtA4Xtg=
github.com/r3labs/diff/v3 v3.0.1/go.mod h1:f1S9bourRbiM66NskseyUdo0fTmEE0qKrikYJX63dgo=
github.com/rogpeppe/go-internal v1.14.1 h1:UQB4HGPB6osV0SQTLymcB4TgvyWu6ZyliaW0tI/otEQ=
github.com/rogpeppe/go-internal v1.14.1/go.mod h1:MaRKkUm5W0goXpeCfT7UZI6fk/L7L7so1lCWt35ZSgc=
github.com/stretchr/objx v0.1.0/go.mod h1:HFkY916IF+rwdDfMAkV7OtwuqBVzrE8GR6GFx+wExME=
github.com/stretchr/testify v1.3.0/go.mod h1:M5WIy9Dh21IEIfnGCwXGc5bZfKNJtfHm1UVUgZn+9EI=
github.com/stretchr/testify v1.11.1 h1:7s2iGBzp5EwR7/aIZr8ao5+dra3wiQyKjjFuvgVKu7U=
github.com/stretchr/testify v1.11.1/go.mod h1:wZwfW3scLgRK+23gO65QZefKpKQRnfz6sD981Nm4B6U=
github.com/vmihailenco/msgpack/v5 v5.3.5 h1:5gO0H1iULLWGhs2H5tbAHIZTV8/cYafcFOr9znI5mJU=
github.com/vmihailenco/msgpack/v5 v5.3.5/go.mod h1:7xyJ9e+0+9SaZT0Wt1RGleJXzli6Q/V5KbhBonMG9jc=
github.com/vmihailenco/tagparser/v2 v2.0.0 h1:y09buUbR+b5aycVFQs/g70pqKVZNBmxwAhO7/IwNM9g=
github.com/vmihailenco/tagparser/v2 v2.0.0/go.mod h1:Wri+At7QHww0WTrCBeu4J6bNtoV6mEfg5OIWRZA9qds=
go.opentelemetry.io/auto/sdk v1.2.1 h1:jXsnJ4Lmnqd11kwkBV2LgLoFMZKizbCi5fNZ/ipaZ64=
go.opentelemetry.io/auto/sdk v1.2.1/go.mod h1:KRTj+aOaElaLi+wW1kO/DZRXwkF4C5xPbEe3ZiIhN7Y=
go.opentelemetry.io/collector/component v1.56.0 h1:fOCs36Dxg95w2RQCVI2i5IsHc5IbZ99vmbipK9FM7pQ=
go.opentelemetry.io/collector/component v1.56.0/go.mod h1:MkAjcSc2T0BiYf/uARZdTlfnxBB9BwmvY6v08D+qeY4=
go.opentelemetry.io/collector/component/componenttest v0.150.0 h1:pT7avT/Pfn8tAOOlmFWgtOaGvXY0nxSwrivnhOl/LH0=
go.opentelemetry.io/collector/component/componenttest v0.150.0/go.mod h1:D+7mfbcZ/TfneQRZNtVwH+/YKQdalc1joa9NhH1BGPk=
go.opentelemetry.io/collector/consumer v1.56.0 h1:olhuaTI3cic6VfcraXt3qqsv1v4Qxf55gHxOO1uIVXw=
go.opentelemetry.io/collector/consumer v1.56.0/go.mod h1:FpnfeTLQAdcOtzrkQ36Z+E5aconIymkv9xpJuAdLvy0=
go.opentelemetry.io/collector/consumer/consumererror v0.150.0 h1:DC4QGlGGU6HoPChbCzAlNzv/diLTlbrJ/q6+1P+35zQ=
go.opentelemetry.io/collector/consumer/consumererror v0.150.0/go.mod h1:rLkPStz81IOOMVzhmGiezt/Rf9l9jJg6bsCQ8Qbw6J0=
go.opentelemetry.io/collector/consumer/consumertest v0.150.0 h1:DQtVy0BUTQqHKKOyM0hYnxV8H2kKHjayc8aMMa2fow0=
go.opentelemetry.io/collector/consumer/consumertest v0.150.0/go.mod h1:2mgIllFOgoq+SQ7QfXzaZn65pa6OZWobcy3yj+Ik9Ug=
go.opentelemetry.io/collector/consumer/xconsumer v0.150.0 h1:URO73bAV00wTH9bJeloqaiLgS3Q80GNci+nm1iZ3W6Q=
go.opentelemetry.io/collector/consumer/xconsumer v0.150.0/go.mod h1:BMcOInfcRUpVZ2R4qa3vNglvU6mWL+0dhAayH87YSB8=
go.opentelemetry.io/collector/featuregate v1.56.0 h1:NjcbOZkdCSXddAJmFLdO+pv1gmAgrU6sC5PBga2KlKI=
go.opentelemetry.io/collector/featuregate v1.56.0/go.mod h1:4ga1QBMPEejXXmpyJS8lmaRpknJ3Lb9Bvk6e420bUFU=
go.opentelemetry.io/collector/internal/componentalias v0.150.0 h1:qvcJr0m/fFgsc3x6Oya3RNDOZp/WyfmOKIv9jtvoLYw=
go.opentelemetry.io/collector/internal/componentalias v0.150.0/go.mod h1:abuQP8ELgPpCSq6xbHM1b2hPOGqaKxUeLgHHdU/XGP0=
go.opentelemetry.io/collector/internal/testutil v0.150.0 h1:J4PLQGPfbLVaL5eI1aMc0m0TMixV9wzBhNhoHU00J0I=
go.opentelemetry.io/collector/internal/testutil v0.150.0/go.mod h1:Jkjs6rkqs973LqgZ0Fe3zrokQRKULYXPIf4HuqStiEE=
go.opentelemetry.io/collector/pdata v1.56.0 h1:W+QAfN2Iz8SNss1T5JNzRWFnw+7oP1vXBQH9ZuOJkXY=
go.opentelemetry.io/collector/pdata v1.56.0/go.mod h1:usR9utboXufbD1rp1oJy+3smQXXpZ+CsI3WN7QsiOs0=
go.opentelemetry.io/collector/pdata/pprofile v0.150.0 h1:Ae+FxmYXDdcqeLqIAdNSO3YGxco7RS2mIMTdjvavfso=
go.opentelemetry.io/collector/pdata/pprofile v0.150.0/go.mod h1:tEBeGysY/LpIh39NLoQQl3qmUBOF9wyH5p/fmn7smzM=
go.opentelemetry.io/collector/pdata/testdata v0.150.0 h1:nZE3UNuDYd9lfXTk/n5UplPwXBD4tptDIZH5PvWhHKQ=
go.opentelemetry.io/collector/pdata/testdata v0.150.0/go.mod h1:RPOOH2KNevfhu7adoEXVTNtPPZsHwbrSOQKeFZE/220=
go.opentelemetry.io/collector/pipeline v1.56.0 h1:KfyCes/EPC2hpBhU28z9WnJzSRlBYS5FfMHOYAXHbXw=
go.opentelemetry.io/collector/pipeline v1.56.0/go.mod h1:RD90NG3Jbk965Xaqym3JyHkuol4uZJjQVUkD9ddXJIs=
go.opentelemetry.io/collector/pipeline/xpipeline v0.150.0 h1:Bm+xm9vFRuW2kkdRj/iF8aIvCJCDsUHe59FP9FRwuSA=
go.opentelemetry.io/collector/pipeline/xpipeline v0.150.0/go.mod h1:iPY4PBBeih6Wn9SDbgHQY9FTx6WD5FvPLMhBmgsv1lI=
go.opentelemetry.io/collector/receiver v1.56.0 h1:xrLFO3g5/PWvHMG74li6a7Y3yT6B/OehgFsyZJmLII8=
go.opentelemetry.io/collector/receiver v1.56.0/go.mod h1:iOpgr7vRq8R+LXRr9bLQT0jADyPEqmdJWuZTlvARWgo=
go.opentelemetry.io/collector/receiver/receiverhelper v0.150.0 h1:8PBXFdWJ+q0XQzp0j8sDF9KbOxU+H6fNTyYHOs7yt4Q=
go.opentelemetry.io/collector/receiver/receiverhelper v0.150.0/go.mod h1:9kYAlW71t2nJqCNTVWJvgcbT+Ad6ue2wGO7UR6cPQnI=
go.opentelemetry.io/collector/receiver/receivertest v0.150.0 h1:D34dL/NxP+MTMWZsQCWHgAyKOUsEn1JtzU6gPmLk/oc=
go.opentelemetry.io/collector/receiver/receivertest v0.150.0/go.mod h1:/MWpPrRvljhZpbSTOHijr69Kg1A/MhUoKX0tLZpkhgE=
go.opentelemetry.io/collector/receiver/xreceiver v0.150.0 h1:UpgWq1saq6QWGawJzKpJfLmcv52qBLBRjsv3vcy5fLM=
go.opentelemetry.io/collector/receiver/xreceiver v0.150.0/go.mod h1:ltPXHfF5wjxmIti1GfGfAzOeBpovRMePdFj96kefsT0=
go.opentelemetry.io/collector/scraper v0.150.0 h1:Gmz2t282ZpMSWsWzGDWcG3Gy5vMVI2S1pZpRDt7YKCA=
go.opentelemetry.io/collector/scraper v0.150.0/go.mod h1:VjruTyDCZxc7H19UVMfQaZuVytWbsMYcwfNJwV/i6vA=
go.opentelemetry.io/collector/scraper/scraperhelper v0.150.0 h1:cpBVjmn6CBibAyeyvbBnrMKLu0X1NONCZCN+c8VTX6A=
go.opentelemetry.io/collector/scraper/scraperhelper v0.150.0/go.mod h1:hWOiRlYve6kwpiB0TqGKyoBV/eC4m+JVPO7TZlW8Iaw=
go.opentelemetry.io/contrib/bridges/prometheus v0.68.0 h1:w3zlHYETbDwXyWHZlyyR58ZC39XGi8rAhkBgUgJ9d5w=
go.opentelemetry.io/contrib/bridges/prometheus v0.68.0/go.mod h1:GR/mClR2nn7vE8RLwxKjoBNg+QtgdDhRzxVa93koy5o=
go.opentelemetry.io/otel v1.43.0 h1:mYIM03dnh5zfN7HautFE4ieIig9amkNANT+xcVxAj9I=
go.opentelemetry.io/otel v1.43.0/go.mod h1:JuG+u74mvjvcm8vj8pI5XiHy1zDeoCS2LB1spIq7Ay0=
go.opentelemetry.io/otel/metric v1.43.0 h1:d7638QeInOnuwOONPp4JAOGfbCEpYb+K6DVWvdxGzgM=
go.opentelemetry.io/otel/metric v1.43.0/go.mod h1:RDnPtIxvqlgO8GRW18W6Z/4P462ldprJtfxHxyKd2PY=
go.opentelemetry.io/otel/sdk v1.43.0 h1:pi5mE86i5rTeLXqoF/hhiBtUNcrAGHLKQdhg4h4V9Dg=
go.opentelemetry.io/otel/sdk v1.43.0/go.mod h1:P+IkVU3iWukmiit/Yf9AWvpyRDlUeBaRg6Y+C58QHzg=
go.opentelemetry.io/otel/sdk/metric v1.43.0 h1:S88dyqXjJkuBNLeMcVPRFXpRw2fuwdvfCGLEo89fDkw=
go.opentelemetry.io/otel/sdk/metric v1.43.0/go.mod h1:C/RJtwSEJ5hzTiUz5pXF1kILHStzb9zFlIEe85bhj6A=
go.opentelemetry.io/otel/trace v1.43.0 h1:BkNrHpup+4k4w+ZZ86CZoHHEkohws8AY+WTX09nk+3A=
go.opentelemetry.io/otel/trace v1.43.0/go.mod h1:/QJhyVBUUswCphDVxq+8mld+AvhXZLhe+8WVFxiFff0=
go.opentelemetry.io/proto/slim/otlp v1.10.0 h1:iR97Vs/ZDR+y9TfuP9b1XBtdPWeC+OMslIBmhcLU7jM=
go.opentelemetry.io/proto/slim/otlp v1.10.0/go.mod h1:lV9250stpjYLPNA5viFabIgP2QlUGRT1GdTgAf8SIUk=
go.opentelemetry.io/proto/slim/otlp/collector/profiles/v1development v0.3.0 h1:RUF5rO0hAlgiJt1fzQVzcVs3vZVNHIcMLgOgG4rWNcQ=
go.opentelemetry.io/proto/slim/otlp/collector/profiles/v1development v0.3.0/go.mod h1:I89cynRj8y+383o7tEQVg2SVA6SRgDVIouWPUVXjx0U=
go.opentelemetry.io/proto/slim/otlp/profiles/v1development v0.3.0 h1:CQvJSldHRUN6Z8jsUeYv8J0lXRvygALXIzsmAeCcZE0=
go.opentelemetry.io/proto/slim/otlp/profiles/v1development v0.3.0/go.mod h1:xSQ+mEfJe/GjK1LXEyVOoSI1N9JV9ZI923X5kup43W4=
go.uber.org/atomic v1.11.0 h1:ZvwS0R+56ePWxUNi+Atn9dWONBPp/AUETXlHW0DxSjE=
go.uber.org/atomic v1.11.0/go.mod h1:LUxbIzbOniOlMKjJjyPfpl4v+PKK2cNJn91OQbhoJI0=
go.uber.org/goleak v1.3.0 h1:2K3zAYmnTNqV73imy9J1T3WC+gmCePx2hEGkimedGto=
go.uber.org/goleak v1.3.0/go.mod h1:CoHD4mav9JJNrW/WLlf7HGZPjdw8EucARQHekz1X6bE=
go.uber.org/multierr v1.11.0 h1:blXXJkSxSSfBVBlC76pxqeO+LN3aDfLQo+309xJstO0=
go.uber.org/multierr v1.11.0/go.mod h1:20+QtiLqy0Nd6FdQB9TLXag12DsQkrbs3htMFfDN80Y=
go.uber.org/zap v1.27.1 h1:08RqriUEv8+ArZRYSTXy1LeBScaMpVSTBhCeaZYfMYc=
go.uber.org/zap v1.27.1/go.mod h1:GB2qFLM7cTU87MWRP2mPIjqfIDnGu+VIO4V/SdhGo2E=
go.uber.org/zap/exp v0.3.0 h1:6JYzdifzYkGmTdRR59oYH+Ng7k49H9qVpWwNSsGJj3U=
go.uber.org/zap/exp v0.3.0/go.mod h1:5I384qq7XGxYyByIhHm6jg5CHkGY0nsTfbDLgDDlgJQ=
go.yaml.in/yaml/v2 v2.4.4 h1:tuyd0P+2Ont/d6e2rl3be67goVK4R6deVxCUX5vyPaQ=
go.yaml.in/yaml/v2 v2.4.4/go.mod h1:gMZqIpDtDqOfM0uNfy0SkpRhvUryYH0Z6wdMYcacYXQ=
golang.org/x/exp v0.0.0-20240823005443-9b4947da3948 h1:kx6Ds3MlpiUHKj7syVnbp57++8WpuKPcR5yjLBjvLEA=
golang.org/x/exp v0.0.0-20240823005443-9b4947da3948/go.mod h1:akd2r19cwCdwSwWeIdzYQGa/EZZyqcOdwWiwj5L5eKQ=
golang.org/x/net v0.51.0 h1:94R/GTO7mt3/4wIKpcR5gkGmRLOuE/2hNGeWq/GBIFo=
golang.org/x/net v0.51.0/go.mod h1:aamm+2QF5ogm02fjy5Bb7CQ0WMt1/WVM7FtyaTLlA9Y=
golang.org/x/sync v0.20.0 h1:e0PTpb7pjO8GAtTs2dQ6jYa5BWYlMuX047Dco/pItO4=
golang.org/x/sync v0.20.0/go.mod h1:9xrNwdLfx4jkKbNva9FpL6vEN7evnE43NNNJQ2LF3+0=
golang.org/x/sys v0.42.0 h1:omrd2nAlyT5ESRdCLYdm3+fMfNFE/+Rf4bDIQImRJeo=
golang.org/x/sys v0.42.0/go.mod h1:4GL1E5IUh+htKOUEOaiffhrAeqysfVGipDYzABqnCmw=
golang.org/x/text v0.34.0 h1:oL/Qq0Kdaqxa1KbNeMKwQq0reLCCaFtqu2eNuSeNHbk=
golang.org/x/text v0.34.0/go.mod h1:homfLqTYRFyVYemLBFl5GgL/DWEiH5wcsQ5gSh1yziA=
google.golang.org/genproto/googleapis/rpc v0.0.0-20260120221211-b8f7ae30c516 h1:sNrWoksmOyF5bvJUcnmbeAmQi8baNhqg5IWaI3llQqU=
google.golang.org/genproto/googleapis/rpc v0.0.0-20260120221211-b8f7ae30c516/go.mod h1:j9x/tPzZkyxcgEFkiKEEGxfvyumM01BEtsW8xzOahRQ=
google.golang.org/grpc v1.80.0 h1:Xr6m2WmWZLETvUNvIUmeD5OAagMw3FiKmMlTdViWsHM=
google.golang.org/grpc v1.80.0/go.mod h1:ho/dLnxwi3EDJA4Zghp7k2Ec1+c2jqup0bFkw07bwF4=
google.golang.org/protobuf v1.36.11 h1:fV6ZwhNocDyBLK0dj+fg8ektcVegBBuEolpbTQyBNVE=
google.golang.org/protobuf v1.36.11/go.mod h1:HTf+CrKn2C3g5S8VImy6tdcUvCska2kB7j23XfzDpco=
gopkg.in/check.v1 v0.0.0-20161208181325-20d25e280405/go.mod h1:Co6ibVJAznAaIkqp8huTwlJQCZ016jof/cbN4VW5Yz0=
gopkg.in/check.v1 v1.0.0-20201130134442-10cb98267c6c h1:Hei/4ADfdWqJk1ZMxUNpqntNwaWcugrBjAiHlqqRiVk=
gopkg.in/check.v1 v1.0.0-20201130134442-10cb98267c6c/go.mod h1:JHkPIbrfpd72SG/EVd6muEfDQjcINNoR0C8j2r3qZ4Q=
gopkg.in/yaml.v3 v3.0.1 h1:fxVm/GzAzEWqLHuvctI91KS9hhNmmWOoWu0XTYJS7CA=
gopkg.in/yaml.v3 v3.0.1/go.mod h1:K4uyk7z7BCEPqu6E+C64Yfv1cQ7kz7rIZviUmN+EgEM=
