github.com/aws/aws-sdk-go-v2 v1.41.1 h1:ABlyEARCDLN034NhxlRUSZr4l71mh+T5KAeGh6cerhU=
github.com/aws/aws-sdk-go-v2 v1.41.1/go.mod h1:MayyLB8y+buD9hZqkCW3kX1AKq07Y5pXxtgB+rRFhz0=
github.com/aws/aws-sdk-go-v2/aws/protocol/eventstream v1.7.4 h1:489krEF9xIGkOaaX3CE/Be2uWjiXrkCH6gUX+bZA/BU=
github.com/aws/aws-sdk-go-v2/aws/protocol/eventstream v1.7.4/go.mod h1:IOAPF6oT9KCsceNTvvYMNHy0+kMF8akOjeDvPENWxp4=
github.com/aws/aws-sdk-go-v2/config v1.32.7 h1:vxUyWGUwmkQ2g19n7JY/9YL8MfAIl7bTesIUykECXmY=
github.com/aws/aws-sdk-go-v2/config v1.32.7/go.mod h1:2/Qm5vKUU/r7Y+zUk/Ptt2MDAEKAfUtKc1+3U1Mo3oY=
github.com/aws/aws-sdk-go-v2/credentials v1.19.7 h1:tHK47VqqtJxOymRrNtUXN5SP/zUTvZKeLx4tH6PGQc8=
github.com/aws/aws-sdk-go-v2/credentials v1.19.7/go.mod h1:qOZk8sPDrxhf+4Wf4oT2urYJrYt3RejHSzgAquYeppw=
github.com/aws/aws-sdk-go-v2/feature/ec2/imds v1.18.17 h1:I0GyV8wiYrP8XpA70g1HBcQO1JlQxCMTW9npl5UbDHY=
github.com/aws/aws-sdk-go-v2/feature/ec2/imds v1.18.17/go.mod h1:tyw7BOl5bBe/oqvoIeECFJjMdzXoa/dfVz3QQ5lgHGA=
github.com/aws/aws-sdk-go-v2/internal/configsources v1.4.17 h1:xOLELNKGp2vsiteLsvLPwxC+mYmO6OZ8PYgiuPJzF8U=
github.com/aws/aws-sdk-go-v2/internal/configsources v1.4.17/go.mod h1:5M5CI3D12dNOtH3/mk6minaRwI2/37ifCURZISxA/IQ=
github.com/aws/aws-sdk-go-v2/internal/endpoints/v2 v2.7.17 h1:WWLqlh79iO48yLkj1v3ISRNiv+3KdQoZ6JWyfcsyQik=
github.com/aws/aws-sdk-go-v2/internal/endpoints/v2 v2.7.17/go.mod h1:EhG22vHRrvF8oXSTYStZhJc1aUgKtnJe+aOiFEV90cM=
github.com/aws/aws-sdk-go-v2/internal/ini v1.8.4 h1:WKuaxf++XKWlHWu9ECbMlha8WOEGm0OUEZqm4K/Gcfk=
github.com/aws/aws-sdk-go-v2/internal/ini v1.8.4/go.mod h1:ZWy7j6v1vWGmPReu0iSGvRiise4YI5SkR3OHKTZ6Wuc=
github.com/aws/aws-sdk-go-v2/service/amp v1.42.5 h1:Pd07a2Tdhl3591h+hbJZCC+50NGraSyt/I6yLx4FDak=
github.com/aws/aws-sdk-go-v2/service/amp v1.42.5/go.mod h1:6q5j2wH8o1tf4glByj2hBDIEiOAKDh0x5QpjLKmIi40=
github.com/aws/aws-sdk-go-v2/service/apigateway v1.38.4 h1:V8gcFwJPP3eXZXpeui+p97JmO7WtCkQlEAHrE6Kyt0k=
github.com/aws/aws-sdk-go-v2/service/apigateway v1.38.4/go.mod h1:iJF5UdwkFue/YuUGCFsCCdT3SBMUx0s+h5TNi0Sz+qg=
github.com/aws/aws-sdk-go-v2/service/apigatewayv2 v1.33.5 h1:VUf8W+s2EQwajy6n+xCN9ctkhJsCJbpwPmzf49NtJM8=
github.com/aws/aws-sdk-go-v2/service/apigatewayv2 v1.33.5/go.mod h1:0/7yOW11zIEYILivvAmnKbyvYG+34Zb/JrnywtskyLw=
github.com/aws/aws-sdk-go-v2/service/autoscaling v1.63.0 h1:ffFts1+wfxmRrJ6tQJnhh6+p1TeQDplJ1iLrZopUM9w=
github.com/aws/aws-sdk-go-v2/service/autoscaling v1.63.0/go.mod h1:8O5Pj92iNpfw/Fa7WdHbn6YiEjDoVdutz+9PGRNoP3Y=
github.com/aws/aws-sdk-go-v2/service/cloudwatch v1.53.1 h1:ElB5x0nrBHgQs+XcpQ1XJpSJzMFCq6fDTpT6WQCWOtQ=
github.com/aws/aws-sdk-go-v2/service/cloudwatch v1.53.1/go.mod h1:Cj+LUEvAU073qB2jInKV6Y0nvHX0k7bL7KAga9zZ3jw=
github.com/aws/aws-sdk-go-v2/service/databasemigrationservice v1.61.5 h1:3d44lDPnuYJn1xSf7R4J2zEEL+CO5ooxci9OjI3xAh8=
github.com/aws/aws-sdk-go-v2/service/databasemigrationservice v1.61.5/go.mod h1:XKPSi5JA8Wm59aLAmFoshAdBrY6YQnomNDbvYgNr/l8=
github.com/aws/aws-sdk-go-v2/service/dynamodb v1.53.6 h1:LNmvkGzDO5PYXDW6m7igx+s2jKaPchpfbS0uDICywFc=
github.com/aws/aws-sdk-go-v2/service/dynamodb v1.53.6/go.mod h1:ctEsEHY2vFQc6i4KU07q4n68v7BAmTbujv2Y+z8+hQY=
github.com/aws/aws-sdk-go-v2/service/ec2 v1.280.0 h1:1KXSI/tWq+pdp3hz8Kfq2ngUcrBW28pIdoOhLWYHXW0=
github.com/aws/aws-sdk-go-v2/service/ec2 v1.280.0/go.mod h1:Uy+C+Sc58jozdoL1McQr8bDsEvNFx+/nBY+vpO1HVUY=
github.com/aws/aws-sdk-go-v2/service/elasticache v1.51.9 h1:hTgZLyNoDWphZUtTtcvQh0LP6TZO0mtdSfZK/GObDLk=
github.com/aws/aws-sdk-go-v2/service/elasticache v1.51.9/go.mod h1:91RkIYy9ubykxB50XGYDsbljLZnrZ6rp/Urt4rZrbwQ=
github.com/aws/aws-sdk-go-v2/service/iam v1.53.2 h1:62G6btFUwAa5uR5iPlnlNVAM0zJSLbWgDfKOfUC7oW4=
github.com/aws/aws-sdk-go-v2/service/iam v1.53.2/go.mod h1:av9clChrbZbJ5E21msSsiT2oghl2BJHfQGhCkXmhyu8=
github.com/aws/aws-sdk-go-v2/service/internal/accept-encoding v1.13.4 h1:0ryTNEdJbzUCEWkVXEXoqlXV72J5keC1GvILMOuD00E=
github.com/aws/aws-sdk-go-v2/service/internal/accept-encoding v1.13.4/go.mod h1:HQ4qwNZh32C3CBeO6iJLQlgtMzqeG17ziAA/3KDJFow=
github.com/aws/aws-sdk-go-v2/service/internal/endpoint-discovery v1.11.17 h1:Nhx/OYX+ukejm9t/MkWI8sucnsiroNYNGb5ddI9ungQ=
github.com/aws/aws-sdk-go-v2/service/internal/endpoint-discovery v1.11.17/go.mod h1:AjmK8JWnlAevq1b1NBtv5oQVG4iqnYXUufdgol+q9wg=
github.com/aws/aws-sdk-go-v2/service/internal/presigned-url v1.13.17 h1:RuNSMoozM8oXlgLG/n6WLaFGoea7/CddrCfIiSA+xdY=
github.com/aws/aws-sdk-go-v2/service/internal/presigned-url v1.13.17/go.mod h1:F2xxQ9TZz5gDWsclCtPQscGpP0VUOc8RqgFM3vDENmU=
github.com/aws/aws-sdk-go-v2/service/lambda v1.87.1 h1:QBdmTXWwqVgx0PueT/Xgp2+al5HR0gAV743pTzYeBRw=
github.com/aws/aws-sdk-go-v2/service/lambda v1.87.1/go.mod h1:ogjbkxFgFOjG3dYFQ8irC92gQfpfMDcy1RDKNSZWXNU=
github.com/aws/aws-sdk-go-v2/service/rds v1.114.0 h1:p9c6HDzx6sTf7uyc9xsQd693uzArsPrsVr9n0oRk7DU=
github.com/aws/aws-sdk-go-v2/service/rds v1.114.0/go.mod h1:JBRYWpz5oXQtHgQC+X8LX9lh0FBCwRHJlWEIT+TTLaE=
github.com/aws/aws-sdk-go-v2/service/resourcegroupstaggingapi v1.31.6 h1:gd7YMnFZQGdy4lERF9ffz9kbc6K/IPhCu5CrJDJr8XY=
github.com/aws/aws-sdk-go-v2/service/resourcegroupstaggingapi v1.31.6/go.mod h1:lnTv81am9e2C2SjX3VKyUrKEzDADD9lKST9ou96UBoY=
github.com/aws/aws-sdk-go-v2/service/shield v1.34.17 h1:XOqXVwczmfk6/GtGW7eee1RvCp7NhPKn8wYbZp+yTa8=
github.com/aws/aws-sdk-go-v2/service/shield v1.34.17/go.mod h1:eQV3cCW6J6J+cpBitDt/tDvVTmBFTdlZdEGNKsB76O8=
github.com/aws/aws-sdk-go-v2/service/signin v1.0.5 h1:VrhDvQib/i0lxvr3zqlUwLwJP4fpmpyD9wYG1vfSu+Y=
github.com/aws/aws-sdk-go-v2/service/signin v1.0.5/go.mod h1:k029+U8SY30/3/ras4G/Fnv/b88N4mAfliNn08Dem4M=
github.com/aws/aws-sdk-go-v2/service/sso v1.30.9 h1:v6EiMvhEYBoHABfbGB4alOYmCIrcgyPPiBE1wZAEbqk=
github.com/aws/aws-sdk-go-v2/service/sso v1.30.9/go.mod h1:yifAsgBxgJWn3ggx70A3urX2AN49Y5sJTD1UQFlfqBw=
github.com/aws/aws-sdk-go-v2/service/ssooidc v1.35.13 h1:gd84Omyu9JLriJVCbGApcLzVR3XtmC4ZDPcAI6Ftvds=
github.com/aws/aws-sdk-go-v2/service/ssooidc v1.35.13/go.mod h1:sTGThjphYE4Ohw8vJiRStAcu3rbjtXRsdNB0TvZ5wwo=
github.com/aws/aws-sdk-go-v2/service/storagegateway v1.43.10 h1:E0WFFeaadVwljcYiyMLtpha8GSewQJg4n0xw49MXuds=
github.com/aws/aws-sdk-go-v2/service/storagegateway v1.43.10/go.mod h1:QoprJo5GSv73ompRyJRq2sXmvodjOZc3eBfvbotVefw=
github.com/aws/aws-sdk-go-v2/service/sts v1.41.6 h1:5fFjR/ToSOzB2OQ/XqWpZBmNvmP/pJ1jOWYlFDJTjRQ=
github.com/aws/aws-sdk-go-v2/service/sts v1.41.6/go.mod h1:qgFDZQSD/Kys7nJnVqYlWKnh0SSdMjAi0uSwON4wgYQ=
github.com/aws/smithy-go v1.24.2 h1:FzA3bu/nt/vDvmnkg+R8Xl46gmzEDam6mZ1hzmwXFng=
github.com/aws/smithy-go v1.24.2/go.mod h1:YE2RhdIuDbA5E5bTdciG9KrW3+TiEONeUWCqxX9i1Fc=
github.com/beorn7/perks v1.0.1 h1:VlbKKnNfV8bJzeqoa4cOKqO6bYr3WgKZxO8Z16+hsOM=
github.com/beorn7/perks v1.0.1/go.mod h1:G2ZrVWU2WbWT9wwq4/hrbKbnv/1ERSJQ0ibhJ6rlkpw=
github.com/cespare/xxhash/v2 v2.3.0 h1:UL815xU9SqsFlibzuggzjXhog7bL6oX9BbNZnL2UFvs=
github.com/cespare/xxhash/v2 v2.3.0/go.mod h1:VGX0DQ3Q6kWi7AoAeZDth3/j3BFtOZR5XLFGgcrjCOs=
github.com/davecgh/go-spew v1.1.0/go.mod h1:J7Y8YcW2NihsgmVo/mv3lAwl/skON4iLHjSsI+c5H38=
github.com/davecgh/go-spew v1.1.1 h1:vj9j/u1bqnvCEfJOwUhtlOARqs3+rkHYY13jYWTU97c=
github.com/davecgh/go-spew v1.1.1/go.mod h1:J7Y8YcW2NihsgmVo/mv3lAwl/skON4iLHjSsI+c5H38=
github.com/go-logr/logr v1.2.2/go.mod h1:jdQByPbusPIv2/zmleS9BjJVeZ6kBagPoEUsqbVz/1A=
github.com/go-logr/logr v1.4.3 h1:CjnDlHq8ikf6E492q6eKboGOC0T8CDaOvkHCIg8idEI=
github.com/go-logr/logr v1.4.3/go.mod h1:9T104GzyrTigFIr8wt5mBrctHMim0Nb2HLGrmQ40KvY=
github.com/go-logr/stdr v1.2.2 h1:hSWxHoqTgW2S2qGc0LTAI563KZ5YKYRhT3MFKZMbjag=
github.com/go-logr/stdr v1.2.2/go.mod h1:mMo/vtBO5dYbehREoey6XUKy/eSumjCCveDpRre4VKE=
github.com/golang/protobuf v1.5.4 h1:i7eJL8qZTpSEXOPTxNKhASYpMn+8e5Q6AdndVa1dWek=
github.com/golang/protobuf v1.5.4/go.mod h1:lnTiLA8Wa4RWRcIUkrtSVa5nRhsEGBg48fD6rSs7xps=
github.com/google/go-cmp v0.7.0 h1:wk8382ETsv4JYUZwIsn6YpYiWiBsYLSJiTsyBybVuN8=
github.com/google/go-cmp v0.7.0/go.mod h1:pXiqmnSA92OHEEa9HXL2W4E7lf9JzCmGVUdgjX3N/iU=
github.com/google/gofuzz v1.0.0/go.mod h1:dBl0BpW6vV/+mYPU4Po3pmUjxk6FQPldtuIdl/M65Eg=
github.com/google/uuid v1.6.0 h1:NIvaJDMOsjHA8n1jAhLSgzrAzy1Hgr+hNrb57e+94F0=
github.com/google/uuid v1.6.0/go.mod h1:TIyPZe4MgqvfeYDBFedMoGGpEw/LqOeaOT+nhxU+yHo=
github.com/grafana/regexp v0.0.0-20240607082908-2cb410fa05da h1:BML5sNe+bw2uO8t8cQSwe5QhvoP04eHPF7bnaQma0Kw=
github.com/grafana/regexp v0.0.0-20240607082908-2cb410fa05da/go.mod h1:+JKpmjMGhpgPL+rXZ5nsZieVzvarn86asRlBg4uNGnk=
github.com/hashicorp/go-version v1.8.0 h1:KAkNb1HAiZd1ukkxDFGmokVZe1Xy9HG6NUp+bPle2i4=
github.com/hashicorp/go-version v1.8.0/go.mod h1:fltr4n8CU8Ke44wwGCBoEymUuxUHl09ZGVZPK5anwXA=
github.com/json-iterator/go v1.1.12 h1:PV8peI4a0ysnczrg+LtxykD8LfKY9ML6u2jnxaEnrnM=
github.com/json-iterator/go v1.1.12/go.mod h1:e30LSqwooZae/UwlEbR2852Gd8hjQvJoHmT4TnhNGBo=
github.com/kr/pretty v0.3.1 h1:flRD4NNwYAUpkphVc1HcthR4KEIFJ65n8Mw5qdRn3LE=
github.com/kr/pretty v0.3.1/go.mod h1:hoEshYVHaxMs3cyo3Yncou5ZscifuDolrwPKZanG3xk=
github.com/kr/text v0.2.0 h1:5Nx0Ya0ZqY2ygV366QzturHI13Jq95ApcVaJBhpS+AY=
github.com/kr/text v0.2.0/go.mod h1:eLer722TekiGuMkidMxC/pM04lWEeraHUUmBw8l2grE=
github.com/kylelemons/godebug v1.1.0 h1:RPNrshWIDI6G2gRW9EHilWtl7Z6Sb1BR0xunSBf0SNc=
github.com/kylelemons/godebug v1.1.0/go.mod h1:9/0rRGxNHcop5bhtWyNeEfOS8JIWk580+fNqagV/RAw=
github.com/mitchellh/mapstructure v1.5.0 h1:jeMsZIYE/09sWLaz43PL7Gy6RuMjD2eJVyuac5Z2hdY=
github.com/mitchellh/mapstructure v1.5.0/go.mod h1:bFUtVrKA4DC2yAKiSyO/QUcy7e+RRV2QTWOzhPopBRo=
github.com/modern-go/concurrent v0.0.0-20180228061459-e0a39a4cb421/go.mod h1:6dJC0mAP4ikYIbvyc7fijjWJddQyLn8Ig3JB5CqoB9Q=
github.com/modern-go/concurrent v0.0.0-20180306012644-bacd9c7ef1dd h1:TRLaZ9cD/w8PVh93nsPXa1VrQ6jlwL5oN8l14QlcNfg=
github.com/modern-go/concurrent v0.0.0-20180306012644-bacd9c7ef1dd/go.mod h1:6dJC0mAP4ikYIbvyc7fijjWJddQyLn8Ig3JB5CqoB9Q=
github.com/modern-go/reflect2 v1.0.2/go.mod h1:yWuevngMOJpCy52FWWMvUC8ws7m/LJsjYzDa0/r8luk=
github.com/modern-go/reflect2 v1.0.3-0.20250322232337-35a7c28c31ee h1:W5t00kpgFdJifH4BDsTlE89Zl93FEloxaWZfGcifgq8=
github.com/modern-go/reflect2 v1.0.3-0.20250322232337-35a7c28c31ee/go.mod h1:yWuevngMOJpCy52FWWMvUC8ws7m/LJsjYzDa0/r8luk=
github.com/munnerz/goautoneg v0.0.0-20191010083416-a7dc8b61c822 h1:C3w9PqII01/Oq1c1nUAm88MOHcQC9l5mIlSMApZMrHA=
github.com/munnerz/goautoneg v0.0.0-20191010083416-a7dc8b61c822/go.mod h1:+n7T8mK8HuQTcFwEeznm/DIxMOiR9yIdICNftLE1DvQ=
github.com/pmezard/go-difflib v1.0.0 h1:4DBwDE0NGyQoBHbLQYPwSUPoCMWR5BEzIk/f1lZbAQM=
github.com/pmezard/go-difflib v1.0.0/go.mod h1:iKH77koFhYxTK1pcRnkKkqfTogsbg7gZNVY4sRDYZ/4=
github.com/prometheus/client_golang v1.23.2 h1:Je96obch5RDVy3FDMndoUsjAhG5Edi49h0RJWRi/o0o=
github.com/prometheus/client_golang v1.23.2/go.mod h1:Tb1a6LWHB3/SPIzCoaDXI4I8UHKeFTEQ1YCr+0Gyqmg=
github.com/prometheus/client_model v0.6.2 h1:oBsgwpGs7iVziMvrGhE53c/GrLUsZdHnqNwqPLxwZyk=
github.com/prometheus/client_model v0.6.2/go.mod h1:y3m2F6Gdpfy6Ut/GBsUqTWZqCUvMVzSfMLjcu6wAwpE=
github.com/prometheus/common v0.67.5 h1:pIgK94WWlQt1WLwAC5j2ynLaBRDiinoAb86HZHTUGI4=
github.com/prometheus/common v0.67.5/go.mod h1:SjE/0MzDEEAyrdr5Gqc6G+sXI67maCxzaT3A2+HqjUw=
github.com/prometheus/opentelemetry-collector-bridge v0.0.0-20260317204527-5fc426455618 h1:avrl4ZBB6yhuq4v44d9vEBiOsdvCbfRQ4JArrAibjhY=
github.com/prometheus/opentelemetry-collector-bridge v0.0.0-20260317204527-5fc426455618/go.mod h1:w/7D5Cq1Hu2qYrKyWP/qf9H7Chlr91Ia8zqKBfqGx00=
github.com/prometheus/procfs v0.20.1 h1:XwbrGOIplXW/AU3YhIhLODXMJYyC1isLFfYCsTEycfc=
github.com/prometheus/procfs v0.20.1/go.mod h1:o9EMBZGRyvDrSPH1RqdxhojkuXstoe4UlK79eF5TGGo=
github.com/r3labs/diff/v3 v3.0.1 h1:CBKqf3XmNRHXKmdU7mZP1w7TV0pDyVCis1AUHtA4Xtg=
github.com/r3labs/diff/v3 v3.0.1/go.mod h1:f1S9bourRbiM66NskseyUdo0fTmEE0qKrikYJX63dgo=
github.com/rogpeppe/go-internal v1.14.1 h1:UQB4HGPB6osV0SQTLymcB4TgvyWu6ZyliaW0tI/otEQ=
github.com/rogpeppe/go-internal v1.14.1/go.mod h1:MaRKkUm5W0goXpeCfT7UZI6fk/L7L7so1lCWt35ZSgc=
github.com/stretchr/objx v0.1.0/go.mod h1:HFkY916IF+rwdDfMAkV7OtwuqBVzrE8GR6GFx+wExME=
github.com/stretchr/testify v1.3.0/go.mod h1:M5WIy9Dh21IEIfnGCwXGc5bZfKNJtfHm1UVUgZn+9EI=
github.com/stretchr/testify v1.11.1 h1:7s2iGBzp5EwR7/aIZr8ao5+dra3wiQyKjjFuvgVKu7U=
github.com/stretchr/testify v1.11.1/go.mod h1:wZwfW3scLgRK+23gO65QZefKpKQRnfz6sD981Nm4B6U=
github.com/vmihailenco/msgpack/v5 v5.3.5 h1:5gO0H1iULLWGhs2H5tbAHIZTV8/cYafcFOr9znI5mJU=
github.com/vmihailenco/msgpack/v5 v5.3.5/go.mod h1:7xyJ9e+0+9SaZT0Wt1RGleJXzli6Q/V5KbhBonMG9jc=
github.com/vmihailenco/tagparser/v2 v2.0.0 h1:y09buUbR+b5aycVFQs/g70pqKVZNBmxwAhO7/IwNM9g=
github.com/vmihailenco/tagparser/v2 v2.0.0/go.mod h1:Wri+At7QHww0WTrCBeu4J6bNtoV6mEfg5OIWRZA9qds=
go.opentelemetry.io/auto/sdk v1.2.1 h1:jXsnJ4Lmnqd11kwkBV2LgLoFMZKizbCi5fNZ/ipaZ64=
go.opentelemetry.io/auto/sdk v1.2.1/go.mod h1:KRTj+aOaElaLi+wW1kO/DZRXwkF4C5xPbEe3ZiIhN7Y=
go.opentelemetry.io/collector/component v1.55.0 h1:45nb42/UqPDhRdS8FgGRDybRsWSuvS+r6WC2VTVqIRw=
go.opentelemetry.io/collector/component v1.55.0/go.mod h1:7EpGxVpqFkZ2HidyiE9MLvh4cuKU7ye6i5OtxxiYKps=
go.opentelemetry.io/collector/component/componenttest v0.149.0 h1:7SSYIiLpe84LGfYAp7RCkzYuYLuYVSZVn/K/qsJZgHY=
go.opentelemetry.io/collector/component/componenttest v0.149.0/go.mod h1:8xPU3XMsI+J4vfy87YG1bsCVTeedligKWgBcPEZ0yzw=
go.opentelemetry.io/collector/consumer v1.55.0 h1:7Per8P4J0nlBrFVSXb+nwZ+egiel1BRtggZngyykGsM=
go.opentelemetry.io/collector/consumer v1.55.0/go.mod h1:Qrn5fDp/HpDmUp+l2RGKsdKyOPlgGlaZPKvw/z9FfEc=
go.opentelemetry.io/collector/consumer/consumererror v0.149.0 h1:lXJv8UySfvnISJnCbkxf9ghYRQoWcXC78PxGurdnhKY=
go.opentelemetry.io/collector/consumer/consumererror v0.149.0/go.mod h1:8mZKwHejnZpD0+hjg6T2ZYPzs/Ib8512DMFnx4yaknY=
go.opentelemetry.io/collector/consumer/consumertest v0.149.0 h1:IxOkDInfuUM8mT+rMNGtdUuuDlV9X2VS4WAQ/dZSYqg=
go.opentelemetry.io/collector/consumer/consumertest v0.149.0/go.mod h1:ZMvFzch5IRjYBvj6WPc30HRy19smS0WFBXaOu16Wac0=
go.opentelemetry.io/collector/consumer/xconsumer v0.149.0 h1:2z0wRTDsWqPdcC8xp9HJIAJej+07g4/yJrS0xkJJ4hA=
go.opentelemetry.io/collector/consumer/xconsumer v0.149.0/go.mod h1:AG9w3bk38dq3Rk7C2JGf3jw4ldxR063ujYBm3eiMJ7k=
go.opentelemetry.io/collector/featuregate v1.55.0 h1:s/bE8135+8GZpVlQ9qLXQjvprE9KNOGsLhNkqm+EDEU=
go.opentelemetry.io/collector/featuregate v1.55.0/go.mod h1:PS7zY/zaCb28EqciePVwRHVhc3oKortTFXsi3I6ee4g=
go.opentelemetry.io/collector/internal/componentalias v0.149.0 h1:0cH1hCy4vujhnAc6z4baLM0mauFZPfyqF9HtQF6YvGo=
go.opentelemetry.io/collector/internal/componentalias v0.149.0/go.mod h1:8oIpxyFLZECp6O7zFDTGeWw72CQ67C8wb6FqAL9wvCo=
go.opentelemetry.io/collector/internal/testutil v0.149.0 h1:OWfUPO3NFKSaJtz/SBZph/2ENHbr/VbzzlBadKUhm8o=
go.opentelemetry.io/collector/internal/testutil v0.149.0/go.mod h1:Jkjs6rkqs973LqgZ0Fe3zrokQRKULYXPIf4HuqStiEE=
go.opentelemetry.io/collector/pdata v1.55.0 h1:WBgye8bo8koUyV9Vmp/r2Q3lgDezdsgfKDQAaM1oT2I=
go.opentelemetry.io/collector/pdata v1.55.0/go.mod h1:6jPrbM4tuliCPACDznjFtxnnHisfKfzwrBVoeuESYuk=
go.opentelemetry.io/collector/pdata/pprofile v0.149.0 h1:4/uI7wsgMnmBZm6Z/VNY6sWnaFN09+Nk3jr7XEmTtOk=
go.opentelemetry.io/collector/pdata/pprofile v0.149.0/go.mod h1:4uprs5wMp4MI1/bcP5mYERfobFxBn+QoeNFQBUSVk/U=
go.opentelemetry.io/collector/pdata/testdata v0.149.0 h1:Y9WCJpr9fvpCGmvh6wK0i+QtOn0OyGXnoOkLfq7xtok=
go.opentelemetry.io/collector/pdata/testdata v0.149.0/go.mod h1:5BscHKM7cy9lzPMpnaIFaTOMI8SI02AsEF4rH3aRJBg=
go.opentelemetry.io/collector/pipeline v1.55.0 h1:jxFicLy3QYWQaQZp2f+wdCfHpOYb3mKNTqHR1KIut+U=
go.opentelemetry.io/collector/pipeline v1.55.0/go.mod h1:RD90NG3Jbk965Xaqym3JyHkuol4uZJjQVUkD9ddXJIs=
go.opentelemetry.io/collector/receiver v1.55.0 h1:7GVQOPleD60LzxvkqHaChlbWw5nJvw6i2fV6UBL+7EQ=
go.opentelemetry.io/collector/receiver v1.55.0/go.mod h1:Sdx1R+nh6p9lQSZJk8KfQK4nzLI4zNrceIk7a8WpSQg=
go.opentelemetry.io/collector/receiver/receivertest v0.149.0 h1:S33+mAxh7QTxY2o0fTFKEN/ULgcuw36hUVQDyIlSpTc=
go.opentelemetry.io/collector/receiver/receivertest v0.149.0/go.mod h1:w+W/7Dd64jHeCsQcJZBB6oSz3gasvKz5KP1yKzaN8V8=
go.opentelemetry.io/collector/receiver/xreceiver v0.149.0 h1:EpJ5zqTrJwQT1QsX+JHRcDfTA1Mzf0gAOPGihkxtn7E=
go.opentelemetry.io/collector/receiver/xreceiver v0.149.0/go.mod h1:hoUUGXcIr7ZuDdkqzLGfy5P7Njsc/YQ8riWX70Ukf6E=
go.opentelemetry.io/contrib/bridges/prometheus v0.67.0 h1:dkBzNEAIKADEaFnuESzcXvpd09vxvDZsOjx11gjUqLk=
go.opentelemetry.io/contrib/bridges/prometheus v0.67.0/go.mod h1:Z5RIwRkZgauOIfnG5IpidvLpERjhTninpP1dTG2jTl4=
go.opentelemetry.io/otel v1.42.0 h1:lSQGzTgVR3+sgJDAU/7/ZMjN9Z+vUip7leaqBKy4sho=
go.opentelemetry.io/otel v1.42.0/go.mod h1:lJNsdRMxCUIWuMlVJWzecSMuNjE7dOYyWlqOXWkdqCc=
go.opentelemetry.io/otel/metric v1.42.0 h1:2jXG+3oZLNXEPfNmnpxKDeZsFI5o4J+nz6xUlaFdF/4=
go.opentelemetry.io/otel/metric v1.42.0/go.mod h1:RlUN/7vTU7Ao/diDkEpQpnz3/92J9ko05BIwxYa2SSI=
go.opentelemetry.io/otel/sdk v1.42.0 h1:LyC8+jqk6UJwdrI/8VydAq/hvkFKNHZVIWuslJXYsDo=
go.opentelemetry.io/otel/sdk v1.42.0/go.mod h1:rGHCAxd9DAph0joO4W6OPwxjNTYWghRWmkHuGbayMts=
go.opentelemetry.io/otel/sdk/metric v1.42.0 h1:D/1QR46Clz6ajyZ3G8SgNlTJKBdGp84q9RKCAZ3YGuA=
go.opentelemetry.io/otel/sdk/metric v1.42.0/go.mod h1:Ua6AAlDKdZ7tdvaQKfSmnFTdHx37+J4ba8MwVCYM5hc=
go.opentelemetry.io/otel/trace v1.42.0 h1:OUCgIPt+mzOnaUTpOQcBiM/PLQ/Op7oq6g4LenLmOYY=
go.opentelemetry.io/otel/trace v1.42.0/go.mod h1:f3K9S+IFqnumBkKhRJMeaZeNk9epyhnCmQh/EysQCdc=
go.opentelemetry.io/proto/slim/otlp v1.10.0 h1:iR97Vs/ZDR+y9TfuP9b1XBtdPWeC+OMslIBmhcLU7jM=
go.opentelemetry.io/proto/slim/otlp v1.10.0/go.mod h1:lV9250stpjYLPNA5viFabIgP2QlUGRT1GdTgAf8SIUk=
go.opentelemetry.io/proto/slim/otlp/collector/profiles/v1development v0.3.0 h1:RUF5rO0hAlgiJt1fzQVzcVs3vZVNHIcMLgOgG4rWNcQ=
go.opentelemetry.io/proto/slim/otlp/collector/profiles/v1development v0.3.0/go.mod h1:I89cynRj8y+383o7tEQVg2SVA6SRgDVIouWPUVXjx0U=
go.opentelemetry.io/proto/slim/otlp/profiles/v1development v0.3.0 h1:CQvJSldHRUN6Z8jsUeYv8J0lXRvygALXIzsmAeCcZE0=
go.opentelemetry.io/proto/slim/otlp/profiles/v1development v0.3.0/go.mod h1:xSQ+mEfJe/GjK1LXEyVOoSI1N9JV9ZI923X5kup43W4=
go.uber.org/atomic v1.11.0 h1:ZvwS0R+56ePWxUNi+Atn9dWONBPp/AUETXlHW0DxSjE=
go.uber.org/atomic v1.11.0/go.mod h1:LUxbIzbOniOlMKjJjyPfpl4v+PKK2cNJn91OQbhoJI0=
go.uber.org/goleak v1.3.0 h1:2K3zAYmnTNqV73imy9J1T3WC+gmCePx2hEGkimedGto=
go.uber.org/goleak v1.3.0/go.mod h1:CoHD4mav9JJNrW/WLlf7HGZPjdw8EucARQHekz1X6bE=
go.uber.org/multierr v1.11.0 h1:blXXJkSxSSfBVBlC76pxqeO+LN3aDfLQo+309xJstO0=
go.uber.org/multierr v1.11.0/go.mod h1:20+QtiLqy0Nd6FdQB9TLXag12DsQkrbs3htMFfDN80Y=
go.uber.org/zap v1.27.1 h1:08RqriUEv8+ArZRYSTXy1LeBScaMpVSTBhCeaZYfMYc=
go.uber.org/zap v1.27.1/go.mod h1:GB2qFLM7cTU87MWRP2mPIjqfIDnGu+VIO4V/SdhGo2E=
go.yaml.in/yaml/v2 v2.4.4 h1:tuyd0P+2Ont/d6e2rl3be67goVK4R6deVxCUX5vyPaQ=
go.yaml.in/yaml/v2 v2.4.4/go.mod h1:gMZqIpDtDqOfM0uNfy0SkpRhvUryYH0Z6wdMYcacYXQ=
golang.org/x/exp v0.0.0-20240823005443-9b4947da3948 h1:kx6Ds3MlpiUHKj7syVnbp57++8WpuKPcR5yjLBjvLEA=
golang.org/x/exp v0.0.0-20240823005443-9b4947da3948/go.mod h1:akd2r19cwCdwSwWeIdzYQGa/EZZyqcOdwWiwj5L5eKQ=
golang.org/x/net v0.51.0 h1:94R/GTO7mt3/4wIKpcR5gkGmRLOuE/2hNGeWq/GBIFo=
golang.org/x/net v0.51.0/go.mod h1:aamm+2QF5ogm02fjy5Bb7CQ0WMt1/WVM7FtyaTLlA9Y=
golang.org/x/sync v0.19.0 h1:vV+1eWNmZ5geRlYjzm2adRgW2/mcpevXNg50YZtPCE4=
golang.org/x/sync v0.19.0/go.mod h1:9KTHXmSnoGruLpwFjVSX0lNNA75CykiMECbovNTZqGI=
golang.org/x/sys v0.41.0 h1:Ivj+2Cp/ylzLiEU89QhWblYnOE9zerudt9Ftecq2C6k=
golang.org/x/sys v0.41.0/go.mod h1:OgkHotnGiDImocRcuBABYBEXf8A9a87e/uXjp9XT3ks=
golang.org/x/text v0.34.0 h1:oL/Qq0Kdaqxa1KbNeMKwQq0reLCCaFtqu2eNuSeNHbk=
golang.org/x/text v0.34.0/go.mod h1:homfLqTYRFyVYemLBFl5GgL/DWEiH5wcsQ5gSh1yziA=
google.golang.org/genproto/googleapis/rpc v0.0.0-20251222181119-0a764e51fe1b h1:Mv8VFug0MP9e5vUxfBcE3vUkV6CImK3cMNMIDFjmzxU=
google.golang.org/genproto/googleapis/rpc v0.0.0-20251222181119-0a764e51fe1b/go.mod h1:j9x/tPzZkyxcgEFkiKEEGxfvyumM01BEtsW8xzOahRQ=
google.golang.org/grpc v1.79.3 h1:sybAEdRIEtvcD68Gx7dmnwjZKlyfuc61Dyo9pGXXkKE=
google.golang.org/grpc v1.79.3/go.mod h1:KmT0Kjez+0dde/v2j9vzwoAScgEPx/Bw1CYChhHLrHQ=
google.golang.org/protobuf v1.36.11 h1:fV6ZwhNocDyBLK0dj+fg8ektcVegBBuEolpbTQyBNVE=
google.golang.org/protobuf v1.36.11/go.mod h1:HTf+CrKn2C3g5S8VImy6tdcUvCska2kB7j23XfzDpco=
gopkg.in/check.v1 v0.0.0-20161208181325-20d25e280405/go.mod h1:Co6ibVJAznAaIkqp8huTwlJQCZ016jof/cbN4VW5Yz0=
gopkg.in/check.v1 v1.0.0-20201130134442-10cb98267c6c h1:Hei/4ADfdWqJk1ZMxUNpqntNwaWcugrBjAiHlqqRiVk=
gopkg.in/check.v1 v1.0.0-20201130134442-10cb98267c6c/go.mod h1:JHkPIbrfpd72SG/EVd6muEfDQjcINNoR0C8j2r3qZ4Q=
gopkg.in/yaml.v3 v3.0.1 h1:fxVm/GzAzEWqLHuvctI91KS9hhNmmWOoWu0XTYJS7CA=
gopkg.in/yaml.v3 v3.0.1/go.mod h1:K4uyk7z7BCEPqu6E+C64Yfv1cQ7kz7rIZviUmN+EgEM=
